
Microsoft Visual Studio Solution File, Format Version 12.00
# Visual Studio Version 16
VisualStudioVersion = 16.0.29613.14
MinimumVisualStudioVersion = 10.0.40219.1
Project("{9A19103F-16F7-4668-BE54-9A1E7A4F7556}") = "Exercise01", "Exercise01\Exercise01.csproj", "{F260E86F-B141-4A17-B8AC-53D3155C4D48}"
EndProject
Project("{9A19103F-16F7-4668-BE54-9A1E7A4F7556}") = "Exercise02", "Exercise02\Exercise02.csproj", "{1A3AA719-1F4C-4C8E-A3A0-A124D62D8932}"
EndProject
Project("{9A19103F-16F7-4668-BE54-9A1E7A4F7556}") = "Exercise03", "Exercise03\Exercise03.csproj", "{5E58EA1F-2704-482C-A7A4-A038D8E06D76}"
EndProject
Project("{FAE04EC0-301F-11D3-BF4B-00C04F79EFBC}") = "Exercise04", "Exercise04\Exercise04.csproj", "{D3094BA0-E456-4E26-9CB3-B77A0C8D04D7}"
EndProject
Global
	GlobalSection(SolutionConfigurationPlatforms) = preSolution
		Debug|Any CPU = Debug|Any CPU
		Release|Any CPU = Release|Any CPU
	EndGlobalSection
	GlobalSection(ProjectConfigurationPlatforms) = postSolution
		{F260E86F-B141-4A17-B8AC-53D3155C4D48}.Debug|Any CPU.ActiveCfg = Debug|Any CPU
		{F260E86F-B141-4A17-B8AC-53D3155C4D48}.Debug|Any CPU.Build.0 = Debug|Any CPU
		{F260E86F-B141-4A17-B8AC-53D3155C4D48}.Release|Any CPU.ActiveCfg = Release|Any CPU
		{F260E86F-B141-4A17-B8AC-53D3155C4D48}.Release|Any CPU.Build.0 = Release|Any CPU
		{1A3AA719-1F4C-4C8E-A3A0-A124D62D8932}.Debug|Any CPU.ActiveCfg = Debug|Any CPU
		{1A3AA719-1F4C-4C8E-A3A0-A124D62D8932}.Debug|Any CPU.Build.0 = Debug|Any CPU
		{1A3AA719-1F4C-4C8E-A3A0-A124D62D8932}.Release|Any CPU.ActiveCfg = Release|Any CPU
		{1A3AA719-1F4C-4C8E-A3A0-A124D62D8932}.Release|Any CPU.Build.0 = Release|Any CPU
		{5E58EA1F-2704-482C-A7A4-A038D8E06D76}.Debug|Any CPU.ActiveCfg = Debug|Any CPU
		{5E58EA1F-2704-482C-A7A4-A038D8E06D76}.Debug|Any CPU.Build.0 = Debug|Any CPU
		{5E58EA1F-2704-482C-A7A4-A038D8E06D76}.Release|Any CPU.ActiveCfg = Release|Any CPU
		{5E58EA1F-2704-482C-A7A4-A038D8E06D76}.Release|Any CPU.Build.0 = Release|Any CPU
		{D3094BA0-E456-4E26-9CB3-B77A0C8D04D7}.Debug|Any CPU.ActiveCfg = Debug|Any CPU
		{D3094BA0-E456-4E26-9CB3-B77A0C8D04D7}.Debug|Any CPU.Build.0 = Debug|Any CPU
		{D3094BA0-E456-4E26-9CB3-B77A0C8D04D7}.Release|Any CPU.ActiveCfg = Release|Any CPU
		{D3094BA0-E456-4E26-9CB3-B77A0C8D04D7}.Release|Any CPU.Build.0 = Release|Any CPU
	EndGlobalSection
	GlobalSection(SolutionProperties) = preSolution
		HideSolutionNode = FALSE
	EndGlobalSection
	GlobalSection(ExtensibilityGlobals) = postSolution
		SolutionGuid = {C8ED76F6-F84E-45B6-9F73-525F31191AF8}
	EndGlobalSection
EndGlobal
