
Microsoft Visual Studio Solution File, Format Version 12.00
# Visual Studio Version 16
VisualStudioVersion = 16.0.29613.14
MinimumVisualStudioVersion = 10.0.40219.1
Project("{9A19103F-16F7-4668-BE54-9A1E7A4F7556}") = "Exercise01", "Exercise01\Exercise01.csproj", "{F260E86F-B141-4A17-B8AC-53D3155C4D48}"
EndProject
Project("{9A19103F-16F7-4668-BE54-9A1E7A4F7556}") = "Exercise02", "Exercise02\Exercise02.csproj", "{1A3AA719-1F4C-4C8E-A3A0-A124D62D8932}"
EndProject
Project("{9A19103F-16F7-4668-BE54-9A1E7A4F7556}") = "Exercise03", "Exercise03\Exercise03.csproj", "{5E58EA1F-2704-482C-A7A4-A038D8E06D76}"
EndProject
Project("{9A19103F-16F7-4668-BE54-9A1E7A4F7556}") = "Exercise04", "Exercise04\Exercise04.csproj", "{D3094BA0-E456-4E26-9CB3-B77A0C8D04D7}"
EndProject
Project("{9A19103F-16F7-4668-BE54-9A1E7A4F7556}") = "Exercise05", "Exercise05\Exercise05.csproj", "{49164B4C-DFD4-4054-8CC1-076A35A5FF6B}"
EndProject
Project("{9A19103F-16F7-4668-BE54-9A1E7A4F7556}") = "Exercise06", "Exercise06\Exercise06.csproj", "{953C0697-5233-41B6-A774-EC7820CF42DA}"
EndProject
Project("{9A19103F-16F7-4668-BE54-9A1E7A4F7556}") = "Exercise07", "Exercise07\Exercise07.csproj", "{ED10814B-3FC0-4969-BE69-AF74AEFABD2A}"
EndProject
Project("{9A19103F-16F7-4668-BE54-9A1E7A4F7556}") = "Exercise08", "Exercise08\Exercise08.csproj", "{20E9BC2D-57EE-4D2C-A049-D626B7AB4CD5}"
EndProject
Project("{9A19103F-16F7-4668-BE54-9A1E7A4F7556}") = "Exercise09", "Exercise09\Exercise09.csproj", "{1EF86BA9-61A0-4AEB-90BB-204FAED3DA79}"
EndProject
Project("{FAE04EC0-301F-11D3-BF4B-00C04F79EFBC}") = "Exercise10", "Exercise10\Exercise10.csproj", "{3058439E-7E3B-4767-A9EF-35F14D042006}"
EndProject
Project("{FAE04EC0-301F-11D3-BF4B-00C04F79EFBC}") = "Exercise11", "Exercise11\Exercise11.csproj", "{B59A45CA-5662-4F47-BD3F-E7D46B6DF488}"
EndProject
Global
	GlobalSection(SolutionConfigurationPlatforms) = preSolution
		Debug|Any CPU = Debug|Any CPU
		Release|Any CPU = Release|Any CPU
	EndGlobalSection
	GlobalSection(ProjectConfigurationPlatforms) = postSolution
		{F260E86F-B141-4A17-B8AC-53D3155C4D48}.Debug|Any CPU.ActiveCfg = Debug|Any CPU
		{F260E86F-B141-4A17-B8AC-53D3155C4D48}.Debug|Any CPU.Build.0 = Debug|Any CPU
		{F260E86F-B141-4A17-B8AC-53D3155C4D48}.Release|Any CPU.ActiveCfg = Release|Any CPU
		{F260E86F-B141-4A17-B8AC-53D3155C4D48}.Release|Any CPU.Build.0 = Release|Any CPU
		{1A3AA719-1F4C-4C8E-A3A0-A124D62D8932}.Debug|Any CPU.ActiveCfg = Debug|Any CPU
		{1A3AA719-1F4C-4C8E-A3A0-A124D62D8932}.Debug|Any CPU.Build.0 = Debug|Any CPU
		{1A3AA719-1F4C-4C8E-A3A0-A124D62D8932}.Release|Any CPU.ActiveCfg = Release|Any CPU
		{1A3AA719-1F4C-4C8E-A3A0-A124D62D8932}.Release|Any CPU.Build.0 = Release|Any CPU
		{5E58EA1F-2704-482C-A7A4-A038D8E06D76}.Debug|Any CPU.ActiveCfg = Debug|Any CPU
		{5E58EA1F-2704-482C-A7A4-A038D8E06D76}.Debug|Any CPU.Build.0 = Debug|Any CPU
		{5E58EA1F-2704-482C-A7A4-A038D8E06D76}.Release|Any CPU.ActiveCfg = Release|Any CPU
		{5E58EA1F-2704-482C-A7A4-A038D8E06D76}.Release|Any CPU.Build.0 = Release|Any CPU
		{D3094BA0-E456-4E26-9CB3-B77A0C8D04D7}.Debug|Any CPU.ActiveCfg = Debug|Any CPU
		{D3094BA0-E456-4E26-9CB3-B77A0C8D04D7}.Debug|Any CPU.Build.0 = Debug|Any CPU
		{D3094BA0-E456-4E26-9CB3-B77A0C8D04D7}.Release|Any CPU.ActiveCfg = Release|Any CPU
		{D3094BA0-E456-4E26-9CB3-B77A0C8D04D7}.Release|Any CPU.Build.0 = Release|Any CPU
		{49164B4C-DFD4-4054-8CC1-076A35A5FF6B}.Debug|Any CPU.ActiveCfg = Debug|Any CPU
		{49164B4C-DFD4-4054-8CC1-076A35A5FF6B}.Debug|Any CPU.Build.0 = Debug|Any CPU
		{49164B4C-DFD4-4054-8CC1-076A35A5FF6B}.Release|Any CPU.ActiveCfg = Release|Any CPU
		{49164B4C-DFD4-4054-8CC1-076A35A5FF6B}.Release|Any CPU.Build.0 = Release|Any CPU
		{953C0697-5233-41B6-A774-EC7820CF42DA}.Debug|Any CPU.ActiveCfg = Debug|Any CPU
		{953C0697-5233-41B6-A774-EC7820CF42DA}.Debug|Any CPU.Build.0 = Debug|Any CPU
		{953C0697-5233-41B6-A774-EC7820CF42DA}.Release|Any CPU.ActiveCfg = Release|Any CPU
		{953C0697-5233-41B6-A774-EC7820CF42DA}.Release|Any CPU.Build.0 = Release|Any CPU
		{ED10814B-3FC0-4969-BE69-AF74AEFABD2A}.Debug|Any CPU.ActiveCfg = Debug|Any CPU
		{ED10814B-3FC0-4969-BE69-AF74AEFABD2A}.Debug|Any CPU.Build.0 = Debug|Any CPU
		{ED10814B-3FC0-4969-BE69-AF74AEFABD2A}.Release|Any CPU.ActiveCfg = Release|Any CPU
		{ED10814B-3FC0-4969-BE69-AF74AEFABD2A}.Release|Any CPU.Build.0 = Release|Any CPU
		{20E9BC2D-57EE-4D2C-A049-D626B7AB4CD5}.Debug|Any CPU.ActiveCfg = Debug|Any CPU
		{20E9BC2D-57EE-4D2C-A049-D626B7AB4CD5}.Debug|Any CPU.Build.0 = Debug|Any CPU
		{20E9BC2D-57EE-4D2C-A049-D626B7AB4CD5}.Release|Any CPU.ActiveCfg = Release|Any CPU
		{20E9BC2D-57EE-4D2C-A049-D626B7AB4CD5}.Release|Any CPU.Build.0 = Release|Any CPU
		{1EF86BA9-61A0-4AEB-90BB-204FAED3DA79}.Debug|Any CPU.ActiveCfg = Debug|Any CPU
		{1EF86BA9-61A0-4AEB-90BB-204FAED3DA79}.Debug|Any CPU.Build.0 = Debug|Any CPU
		{1EF86BA9-61A0-4AEB-90BB-204FAED3DA79}.Release|Any CPU.ActiveCfg = Release|Any CPU
		{1EF86BA9-61A0-4AEB-90BB-204FAED3DA79}.Release|Any CPU.Build.0 = Release|Any CPU
		{3058439E-7E3B-4767-A9EF-35F14D042006}.Debug|Any CPU.ActiveCfg = Debug|Any CPU
		{3058439E-7E3B-4767-A9EF-35F14D042006}.Debug|Any CPU.Build.0 = Debug|Any CPU
		{3058439E-7E3B-4767-A9EF-35F14D042006}.Release|Any CPU.ActiveCfg = Release|Any CPU
		{3058439E-7E3B-4767-A9EF-35F14D042006}.Release|Any CPU.Build.0 = Release|Any CPU
		{B59A45CA-5662-4F47-BD3F-E7D46B6DF488}.Debug|Any CPU.ActiveCfg = Debug|Any CPU
		{B59A45CA-5662-4F47-BD3F-E7D46B6DF488}.Debug|Any CPU.Build.0 = Debug|Any CPU
		{B59A45CA-5662-4F47-BD3F-E7D46B6DF488}.Release|Any CPU.ActiveCfg = Release|Any CPU
		{B59A45CA-5662-4F47-BD3F-E7D46B6DF488}.Release|Any CPU.Build.0 = Release|Any CPU
	EndGlobalSection
	GlobalSection(SolutionProperties) = preSolution
		HideSolutionNode = FALSE
	EndGlobalSection
	GlobalSection(ExtensibilityGlobals) = postSolution
		SolutionGuid = {C8ED76F6-F84E-45B6-9F73-525F31191AF8}
	EndGlobalSection
EndGlobal
