
Microsoft Visual Studio Solution File, Format Version 12.00
# Visual Studio Version 16
VisualStudioVersion = 16.0.29613.14
MinimumVisualStudioVersion = 10.0.40219.1
Project("{9A19103F-16F7-4668-BE54-9A1E7A4F7556}") = "Exercise01", "Exercise01\Exercise01.csproj", "{F8293FC3-32D0-4A33-A27F-FF072F75A4F7}"
EndProject
Project("{9A19103F-16F7-4668-BE54-9A1E7A4F7556}") = "Exercise02", "Exercise02\Exercise02.csproj", "{DD0E0FB0-80D0-4283-BAD1-8F58BBEBD817}"
EndProject
Project("{FAE04EC0-301F-11D3-BF4B-00C04F79EFBC}") = "Exercise03", "Exercise03\Exercise03.csproj", "{17A72337-E855-4385-877E-303FDCA63E56}"
EndProject
Project("{FAE04EC0-301F-11D3-BF4B-00C04F79EFBC}") = "Exercise04", "Exercise04\Exercise04.csproj", "{0AD55E77-077E-4E6F-B637-2E1074341B71}"
EndProject
Global
	GlobalSection(SolutionConfigurationPlatforms) = preSolution
		Debug|Any CPU = Debug|Any CPU
		Release|Any CPU = Release|Any CPU
	EndGlobalSection
	GlobalSection(ProjectConfigurationPlatforms) = postSolution
		{F8293FC3-32D0-4A33-A27F-FF072F75A4F7}.Debug|Any CPU.ActiveCfg = Debug|Any CPU
		{F8293FC3-32D0-4A33-A27F-FF072F75A4F7}.Debug|Any CPU.Build.0 = Debug|Any CPU
		{F8293FC3-32D0-4A33-A27F-FF072F75A4F7}.Release|Any CPU.ActiveCfg = Release|Any CPU
		{F8293FC3-32D0-4A33-A27F-FF072F75A4F7}.Release|Any CPU.Build.0 = Release|Any CPU
		{DD0E0FB0-80D0-4283-BAD1-8F58BBEBD817}.Debug|Any CPU.ActiveCfg = Debug|Any CPU
		{DD0E0FB0-80D0-4283-BAD1-8F58BBEBD817}.Debug|Any CPU.Build.0 = Debug|Any CPU
		{DD0E0FB0-80D0-4283-BAD1-8F58BBEBD817}.Release|Any CPU.ActiveCfg = Release|Any CPU
		{DD0E0FB0-80D0-4283-BAD1-8F58BBEBD817}.Release|Any CPU.Build.0 = Release|Any CPU
		{17A72337-E855-4385-877E-303FDCA63E56}.Debug|Any CPU.ActiveCfg = Debug|Any CPU
		{17A72337-E855-4385-877E-303FDCA63E56}.Debug|Any CPU.Build.0 = Debug|Any CPU
		{17A72337-E855-4385-877E-303FDCA63E56}.Release|Any CPU.ActiveCfg = Release|Any CPU
		{17A72337-E855-4385-877E-303FDCA63E56}.Release|Any CPU.Build.0 = Release|Any CPU
		{0AD55E77-077E-4E6F-B637-2E1074341B71}.Debug|Any CPU.ActiveCfg = Debug|Any CPU
		{0AD55E77-077E-4E6F-B637-2E1074341B71}.Debug|Any CPU.Build.0 = Debug|Any CPU
		{0AD55E77-077E-4E6F-B637-2E1074341B71}.Release|Any CPU.ActiveCfg = Release|Any CPU
		{0AD55E77-077E-4E6F-B637-2E1074341B71}.Release|Any CPU.Build.0 = Release|Any CPU
	EndGlobalSection
	GlobalSection(SolutionProperties) = preSolution
		HideSolutionNode = FALSE
	EndGlobalSection
	GlobalSection(ExtensibilityGlobals) = postSolution
		SolutionGuid = {174E0D3C-800E-42E7-BD29-22AD224F6A78}
	EndGlobalSection
EndGlobal
