
Microsoft Visual Studio Solution File, Format Version 12.00
# Visual Studio Version 16
VisualStudioVersion = 16.0.29709.97
MinimumVisualStudioVersion = 10.0.40219.1
Project("{FAE04EC0-301F-11D3-BF4B-00C04F79EFBC}") = "SubStringBuilder", "SubStringBuilder\SubStringBuilder.csproj", "{FD1491CA-8AC0-4A63-A745-B3D6C959DE09}"
EndProject
Project("{FAE04EC0-301F-11D3-BF4B-00C04F79EFBC}") = "InterfaceExtension", "InterfaceExtension\InterfaceExtension.csproj", "{9C1657C2-292E-412B-BACA-FB67E57B6D7D}"
EndProject
Project("{FAE04EC0-301F-11D3-BF4B-00C04F79EFBC}") = "Student", "Student\Student.csproj", "{913EDC75-D520-401D-B7C8-6A2833EC7FEE}"
EndProject
Project("{FAE04EC0-301F-11D3-BF4B-00C04F79EFBC}") = "UnitTestProject", "UnitTestProject\UnitTestProject.csproj", "{FE3E5900-CF89-48EE-8087-C8E89C26D992}"
EndProject
Global
	GlobalSection(SolutionConfigurationPlatforms) = preSolution
		Debug|Any CPU = Debug|Any CPU
		Release|Any CPU = Release|Any CPU
	EndGlobalSection
	GlobalSection(ProjectConfigurationPlatforms) = postSolution
		{FD1491CA-8AC0-4A63-A745-B3D6C959DE09}.Debug|Any CPU.ActiveCfg = Debug|Any CPU
		{FD1491CA-8AC0-4A63-A745-B3D6C959DE09}.Debug|Any CPU.Build.0 = Debug|Any CPU
		{FD1491CA-8AC0-4A63-A745-B3D6C959DE09}.Release|Any CPU.ActiveCfg = Release|Any CPU
		{FD1491CA-8AC0-4A63-A745-B3D6C959DE09}.Release|Any CPU.Build.0 = Release|Any CPU
		{9C1657C2-292E-412B-BACA-FB67E57B6D7D}.Debug|Any CPU.ActiveCfg = Debug|Any CPU
		{9C1657C2-292E-412B-BACA-FB67E57B6D7D}.Debug|Any CPU.Build.0 = Debug|Any CPU
		{9C1657C2-292E-412B-BACA-FB67E57B6D7D}.Release|Any CPU.ActiveCfg = Release|Any CPU
		{9C1657C2-292E-412B-BACA-FB67E57B6D7D}.Release|Any CPU.Build.0 = Release|Any CPU
		{913EDC75-D520-401D-B7C8-6A2833EC7FEE}.Debug|Any CPU.ActiveCfg = Debug|Any CPU
		{913EDC75-D520-401D-B7C8-6A2833EC7FEE}.Debug|Any CPU.Build.0 = Debug|Any CPU
		{913EDC75-D520-401D-B7C8-6A2833EC7FEE}.Release|Any CPU.ActiveCfg = Release|Any CPU
		{913EDC75-D520-401D-B7C8-6A2833EC7FEE}.Release|Any CPU.Build.0 = Release|Any CPU
		{FE3E5900-CF89-48EE-8087-C8E89C26D992}.Debug|Any CPU.ActiveCfg = Debug|Any CPU
		{FE3E5900-CF89-48EE-8087-C8E89C26D992}.Debug|Any CPU.Build.0 = Debug|Any CPU
		{FE3E5900-CF89-48EE-8087-C8E89C26D992}.Release|Any CPU.ActiveCfg = Release|Any CPU
		{FE3E5900-CF89-48EE-8087-C8E89C26D992}.Release|Any CPU.Build.0 = Release|Any CPU
	EndGlobalSection
	GlobalSection(SolutionProperties) = preSolution
		HideSolutionNode = FALSE
	EndGlobalSection
	GlobalSection(ExtensibilityGlobals) = postSolution
		SolutionGuid = {FF6F62C6-2D33-4774-8FA1-7CA94E23D9AC}
	EndGlobalSection
EndGlobal
