
Microsoft Visual Studio Solution File, Format Version 12.00
# Visual Studio Version 16
VisualStudioVersion = 16.0.29613.14
MinimumVisualStudioVersion = 10.0.40219.1
Project("{9A19103F-16F7-4668-BE54-9A1E7A4F7556}") = "Exercise03", "AddLineNumbers\Exercise03.csproj", "{8BE49BB4-782D-4E48-8C22-25B68A97BD61}"
EndProject
Project("{9A19103F-16F7-4668-BE54-9A1E7A4F7556}") = "Exercise02", "CombineTextFiles\Exercise02.csproj", "{97076C13-8012-4509-9492-144503D1ECA0}"
EndProject
Project("{9A19103F-16F7-4668-BE54-9A1E7A4F7556}") = "Exercise04", "CompareLines\Exercise04.csproj", "{29510BF0-A316-44A0-9B84-2A2BE04D3AFE}"
EndProject
Project("{9A19103F-16F7-4668-BE54-9A1E7A4F7556}") = "Exercise13", "CountListedGivenWords\Exercise13.csproj", "{5D648CA6-4388-490A-97D9-EF5005287655}"
EndProject
Project("{9A19103F-16F7-4668-BE54-9A1E7A4F7556}") = "Exercise09", "DeleteOddLines\Exercise09.csproj", "{D37757A4-4C4C-4D35-92F8-F96293F141FC}"
EndProject
Project("{9A19103F-16F7-4668-BE54-9A1E7A4F7556}") = "Exercise05", "MaxSumSubmatrix\Exercise05.csproj", "{6A2A9A19-9283-4736-8B25-ECD9762FFB80}"
EndProject
Project("{9A19103F-16F7-4668-BE54-9A1E7A4F7556}") = "Exercise01", "PrintOddLines\Exercise01.csproj", "{65510E22-C528-4F76-989A-6E003DA306A1}"
EndProject
Project("{9A19103F-16F7-4668-BE54-9A1E7A4F7556}") = "Exercise12", "RemoveListedGivenWord\Exercise12.csproj", "{CC7EBA82-3009-4A27-8E95-6724CF2D2485}"
EndProject
Project("{9A19103F-16F7-4668-BE54-9A1E7A4F7556}") = "Exercise11", "RemovePrefix\Exercise11.csproj", "{0144A735-6465-47C0-A255-8855DCCD88DE}"
EndProject
Project("{9A19103F-16F7-4668-BE54-9A1E7A4F7556}") = "Exercise10", "RemoveXMLTags\Exercise10.csproj", "{D2A49373-7124-4F4E-B0E5-546EEE1D4E1E}"
EndProject
Project("{9A19103F-16F7-4668-BE54-9A1E7A4F7556}") = "Exercise08", "ReplaceWholeWord\Exercise08.csproj", "{D269A49E-BA69-432D-8BE7-86F70BC6C6F5}"
EndProject
Project("{9A19103F-16F7-4668-BE54-9A1E7A4F7556}") = "Exercise07", "ReplaceWords\Exercise07.csproj", "{00270689-0CEA-4CBB-9FA8-1B147CC529D9}"
EndProject
Project("{9A19103F-16F7-4668-BE54-9A1E7A4F7556}") = "Exercise06", "SortListOfNames\Exercise06.csproj", "{4950C252-2CAC-4995-94ED-7FF524AD7E2E}"
EndProject
Global
	GlobalSection(SolutionConfigurationPlatforms) = preSolution
		Debug|Any CPU = Debug|Any CPU
		Release|Any CPU = Release|Any CPU
	EndGlobalSection
	GlobalSection(ProjectConfigurationPlatforms) = postSolution
		{8BE49BB4-782D-4E48-8C22-25B68A97BD61}.Debug|Any CPU.ActiveCfg = Debug|Any CPU
		{8BE49BB4-782D-4E48-8C22-25B68A97BD61}.Debug|Any CPU.Build.0 = Debug|Any CPU
		{8BE49BB4-782D-4E48-8C22-25B68A97BD61}.Release|Any CPU.ActiveCfg = Release|Any CPU
		{8BE49BB4-782D-4E48-8C22-25B68A97BD61}.Release|Any CPU.Build.0 = Release|Any CPU
		{97076C13-8012-4509-9492-144503D1ECA0}.Debug|Any CPU.ActiveCfg = Debug|Any CPU
		{97076C13-8012-4509-9492-144503D1ECA0}.Debug|Any CPU.Build.0 = Debug|Any CPU
		{97076C13-8012-4509-9492-144503D1ECA0}.Release|Any CPU.ActiveCfg = Release|Any CPU
		{97076C13-8012-4509-9492-144503D1ECA0}.Release|Any CPU.Build.0 = Release|Any CPU
		{29510BF0-A316-44A0-9B84-2A2BE04D3AFE}.Debug|Any CPU.ActiveCfg = Debug|Any CPU
		{29510BF0-A316-44A0-9B84-2A2BE04D3AFE}.Debug|Any CPU.Build.0 = Debug|Any CPU
		{29510BF0-A316-44A0-9B84-2A2BE04D3AFE}.Release|Any CPU.ActiveCfg = Release|Any CPU
		{29510BF0-A316-44A0-9B84-2A2BE04D3AFE}.Release|Any CPU.Build.0 = Release|Any CPU
		{5D648CA6-4388-490A-97D9-EF5005287655}.Debug|Any CPU.ActiveCfg = Debug|Any CPU
		{5D648CA6-4388-490A-97D9-EF5005287655}.Debug|Any CPU.Build.0 = Debug|Any CPU
		{5D648CA6-4388-490A-97D9-EF5005287655}.Release|Any CPU.ActiveCfg = Release|Any CPU
		{5D648CA6-4388-490A-97D9-EF5005287655}.Release|Any CPU.Build.0 = Release|Any CPU
		{D37757A4-4C4C-4D35-92F8-F96293F141FC}.Debug|Any CPU.ActiveCfg = Debug|Any CPU
		{D37757A4-4C4C-4D35-92F8-F96293F141FC}.Debug|Any CPU.Build.0 = Debug|Any CPU
		{D37757A4-4C4C-4D35-92F8-F96293F141FC}.Release|Any CPU.ActiveCfg = Release|Any CPU
		{D37757A4-4C4C-4D35-92F8-F96293F141FC}.Release|Any CPU.Build.0 = Release|Any CPU
		{6A2A9A19-9283-4736-8B25-ECD9762FFB80}.Debug|Any CPU.ActiveCfg = Debug|Any CPU
		{6A2A9A19-9283-4736-8B25-ECD9762FFB80}.Debug|Any CPU.Build.0 = Debug|Any CPU
		{6A2A9A19-9283-4736-8B25-ECD9762FFB80}.Release|Any CPU.ActiveCfg = Release|Any CPU
		{6A2A9A19-9283-4736-8B25-ECD9762FFB80}.Release|Any CPU.Build.0 = Release|Any CPU
		{65510E22-C528-4F76-989A-6E003DA306A1}.Debug|Any CPU.ActiveCfg = Debug|Any CPU
		{65510E22-C528-4F76-989A-6E003DA306A1}.Debug|Any CPU.Build.0 = Debug|Any CPU
		{65510E22-C528-4F76-989A-6E003DA306A1}.Release|Any CPU.ActiveCfg = Release|Any CPU
		{65510E22-C528-4F76-989A-6E003DA306A1}.Release|Any CPU.Build.0 = Release|Any CPU
		{CC7EBA82-3009-4A27-8E95-6724CF2D2485}.Debug|Any CPU.ActiveCfg = Debug|Any CPU
		{CC7EBA82-3009-4A27-8E95-6724CF2D2485}.Debug|Any CPU.Build.0 = Debug|Any CPU
		{CC7EBA82-3009-4A27-8E95-6724CF2D2485}.Release|Any CPU.ActiveCfg = Release|Any CPU
		{CC7EBA82-3009-4A27-8E95-6724CF2D2485}.Release|Any CPU.Build.0 = Release|Any CPU
		{0144A735-6465-47C0-A255-8855DCCD88DE}.Debug|Any CPU.ActiveCfg = Debug|Any CPU
		{0144A735-6465-47C0-A255-8855DCCD88DE}.Debug|Any CPU.Build.0 = Debug|Any CPU
		{0144A735-6465-47C0-A255-8855DCCD88DE}.Release|Any CPU.ActiveCfg = Release|Any CPU
		{0144A735-6465-47C0-A255-8855DCCD88DE}.Release|Any CPU.Build.0 = Release|Any CPU
		{D2A49373-7124-4F4E-B0E5-546EEE1D4E1E}.Debug|Any CPU.ActiveCfg = Debug|Any CPU
		{D2A49373-7124-4F4E-B0E5-546EEE1D4E1E}.Debug|Any CPU.Build.0 = Debug|Any CPU
		{D2A49373-7124-4F4E-B0E5-546EEE1D4E1E}.Release|Any CPU.ActiveCfg = Release|Any CPU
		{D2A49373-7124-4F4E-B0E5-546EEE1D4E1E}.Release|Any CPU.Build.0 = Release|Any CPU
		{D269A49E-BA69-432D-8BE7-86F70BC6C6F5}.Debug|Any CPU.ActiveCfg = Debug|Any CPU
		{D269A49E-BA69-432D-8BE7-86F70BC6C6F5}.Debug|Any CPU.Build.0 = Debug|Any CPU
		{D269A49E-BA69-432D-8BE7-86F70BC6C6F5}.Release|Any CPU.ActiveCfg = Release|Any CPU
		{D269A49E-BA69-432D-8BE7-86F70BC6C6F5}.Release|Any CPU.Build.0 = Release|Any CPU
		{00270689-0CEA-4CBB-9FA8-1B147CC529D9}.Debug|Any CPU.ActiveCfg = Debug|Any CPU
		{00270689-0CEA-4CBB-9FA8-1B147CC529D9}.Debug|Any CPU.Build.0 = Debug|Any CPU
		{00270689-0CEA-4CBB-9FA8-1B147CC529D9}.Release|Any CPU.ActiveCfg = Release|Any CPU
		{00270689-0CEA-4CBB-9FA8-1B147CC529D9}.Release|Any CPU.Build.0 = Release|Any CPU
		{4950C252-2CAC-4995-94ED-7FF524AD7E2E}.Debug|Any CPU.ActiveCfg = Debug|Any CPU
		{4950C252-2CAC-4995-94ED-7FF524AD7E2E}.Debug|Any CPU.Build.0 = Debug|Any CPU
		{4950C252-2CAC-4995-94ED-7FF524AD7E2E}.Release|Any CPU.ActiveCfg = Release|Any CPU
		{4950C252-2CAC-4995-94ED-7FF524AD7E2E}.Release|Any CPU.Build.0 = Release|Any CPU
	EndGlobalSection
	GlobalSection(SolutionProperties) = preSolution
		HideSolutionNode = FALSE
	EndGlobalSection
	GlobalSection(ExtensibilityGlobals) = postSolution
		SolutionGuid = {174E0D3C-800E-42E7-BD29-22AD224F6A78}
	EndGlobalSection
EndGlobal
