
Microsoft Visual Studio Solution File, Format Version 12.00
# Visual Studio Version 16
VisualStudioVersion = 16.0.29613.14
MinimumVisualStudioVersion = 10.0.40219.1
Project("{9A19103F-16F7-4668-BE54-9A1E7A4F7556}") = "SimpleTree", "SimpleTree\SimpleTree.csproj", "{E05B10A5-2CA9-4CCC-915F-038CCDE7B14C}"
EndProject
Project("{9A19103F-16F7-4668-BE54-9A1E7A4F7556}") = "BinaryTree", "BinaryTree\BinaryTree.csproj", "{526ED7D2-A575-4E93-B405-BBF090DECD5F}"
EndProject
Project("{9A19103F-16F7-4668-BE54-9A1E7A4F7556}") = "MsdnDirectedGraph", "MsdnDirectedGraph\MsdnDirectedGraph.csproj", "{7566ECC5-549E-424B-9E7A-8B4C465E4F14}"
EndProject
Project("{9A19103F-16F7-4668-BE54-9A1E7A4F7556}") = "MsdnUnDirectedGraph", "MsdnUnDirectedGraph\MsdnUnDirectedGraph.csproj", "{AC1D74F8-16D8-4C08-BC2F-131B8B87F906}"
EndProject
Project("{9A19103F-16F7-4668-BE54-9A1E7A4F7556}") = "Exercise10", "BFSTraverse\Exercise10.csproj", "{1ED423C0-3EA1-4DE9-AD1D-192346A472CD}"
EndProject
Project("{9A19103F-16F7-4668-BE54-9A1E7A4F7556}") = "Exercise14", "ConnectedComponents\Exercise14.csproj", "{370EC8E1-2373-4615-A3FF-A7A39019AA32}"
EndProject
Project("{9A19103F-16F7-4668-BE54-9A1E7A4F7556}") = "Exercise13", "CycleFinding\Exercise13.csproj", "{70E54795-7721-4FF5-A7E1-B5E516FA8E5D}"
EndProject
Project("{9A19103F-16F7-4668-BE54-9A1E7A4F7556}") = "Exercise07", "Dijkstra\Exercise07.csproj", "{49BD3F29-D4F3-4344-9836-41C558F55127}"
EndProject
Project("{9A19103F-16F7-4668-BE54-9A1E7A4F7556}") = "Exercise17", "EulerCycleCheck\Exercise17.csproj", "{A0DCE87E-91EF-4CE1-B64E-51F4F48C74D5}"
EndProject
Project("{9A19103F-16F7-4668-BE54-9A1E7A4F7556}") = "Exercise11", "ExePrint\Exercise11.csproj", "{5BE9798B-21C0-4031-B748-590DF5EA8D26}"
EndProject
Project("{9A19103F-16F7-4668-BE54-9A1E7A4F7556}") = "Exercise12", "FolderSize\Exercise12.csproj", "{DFDEA1D8-7905-4ED3-B61B-80684D9F4ADD}"
EndProject
Project("{9A19103F-16F7-4668-BE54-9A1E7A4F7556}") = "Exercise18", "Hamiltonian\Exercise18.csproj", "{00D46CCF-37EC-46A0-806F-7E04F53FEAC8}"
EndProject
Project("{9A19103F-16F7-4668-BE54-9A1E7A4F7556}") = "Exercise03", "LeavesCount\Exercise03.csproj", "{05A6BAA1-B339-445E-A20A-FBE4C31DDA73}"
EndProject
Project("{9A19103F-16F7-4668-BE54-9A1E7A4F7556}") = "Exercise01", "OccurencesCount\Exercise01.csproj", "{CDC22717-43EC-4466-8DC8-C5C4B1F51544}"
EndProject
Project("{9A19103F-16F7-4668-BE54-9A1E7A4F7556}") = "Exercise06", "PerfectlyBalanceBinaryTree\Exercise06.csproj", "{516313FF-943E-42E4-ACE0-DB3577244EF7}"
EndProject
Project("{9A19103F-16F7-4668-BE54-9A1E7A4F7556}") = "Exercise02", "RootWithGivenNumberOfSubs\Exercise02.csproj", "{D27AC971-A1DE-4470-BF79-72B89BC1A1B2}"
EndProject
Project("{9A19103F-16F7-4668-BE54-9A1E7A4F7556}") = "Exercise15", "ShortestPath\Exercise15.csproj", "{5CC195AF-0261-4A02-B73C-2DCAA6F37BBD}"
EndProject
Project("{9A19103F-16F7-4668-BE54-9A1E7A4F7556}") = "Exercise04", "SumOfVerticesOnSameLevel\Exercise04.csproj", "{8BDCCF62-02F5-47E4-892C-3CDF8A4F45E6}"
EndProject
Project("{9A19103F-16F7-4668-BE54-9A1E7A4F7556}") = "Exercise16", "TopologicalSorting\Exercise16.csproj", "{E3BFC62E-2C5B-4534-A86A-23D962E7A6EE}"
EndProject
Global
	GlobalSection(SolutionConfigurationPlatforms) = preSolution
		Debug|Any CPU = Debug|Any CPU
		Release|Any CPU = Release|Any CPU
	EndGlobalSection
	GlobalSection(ProjectConfigurationPlatforms) = postSolution
		{E05B10A5-2CA9-4CCC-915F-038CCDE7B14C}.Debug|Any CPU.ActiveCfg = Debug|Any CPU
		{E05B10A5-2CA9-4CCC-915F-038CCDE7B14C}.Debug|Any CPU.Build.0 = Debug|Any CPU
		{E05B10A5-2CA9-4CCC-915F-038CCDE7B14C}.Release|Any CPU.ActiveCfg = Release|Any CPU
		{E05B10A5-2CA9-4CCC-915F-038CCDE7B14C}.Release|Any CPU.Build.0 = Release|Any CPU
		{526ED7D2-A575-4E93-B405-BBF090DECD5F}.Debug|Any CPU.ActiveCfg = Debug|Any CPU
		{526ED7D2-A575-4E93-B405-BBF090DECD5F}.Debug|Any CPU.Build.0 = Debug|Any CPU
		{526ED7D2-A575-4E93-B405-BBF090DECD5F}.Release|Any CPU.ActiveCfg = Release|Any CPU
		{526ED7D2-A575-4E93-B405-BBF090DECD5F}.Release|Any CPU.Build.0 = Release|Any CPU
		{7566ECC5-549E-424B-9E7A-8B4C465E4F14}.Debug|Any CPU.ActiveCfg = Debug|Any CPU
		{7566ECC5-549E-424B-9E7A-8B4C465E4F14}.Debug|Any CPU.Build.0 = Debug|Any CPU
		{7566ECC5-549E-424B-9E7A-8B4C465E4F14}.Release|Any CPU.ActiveCfg = Release|Any CPU
		{7566ECC5-549E-424B-9E7A-8B4C465E4F14}.Release|Any CPU.Build.0 = Release|Any CPU
		{AC1D74F8-16D8-4C08-BC2F-131B8B87F906}.Debug|Any CPU.ActiveCfg = Debug|Any CPU
		{AC1D74F8-16D8-4C08-BC2F-131B8B87F906}.Debug|Any CPU.Build.0 = Debug|Any CPU
		{AC1D74F8-16D8-4C08-BC2F-131B8B87F906}.Release|Any CPU.ActiveCfg = Release|Any CPU
		{AC1D74F8-16D8-4C08-BC2F-131B8B87F906}.Release|Any CPU.Build.0 = Release|Any CPU
		{1ED423C0-3EA1-4DE9-AD1D-192346A472CD}.Debug|Any CPU.ActiveCfg = Debug|Any CPU
		{1ED423C0-3EA1-4DE9-AD1D-192346A472CD}.Debug|Any CPU.Build.0 = Debug|Any CPU
		{1ED423C0-3EA1-4DE9-AD1D-192346A472CD}.Release|Any CPU.ActiveCfg = Release|Any CPU
		{1ED423C0-3EA1-4DE9-AD1D-192346A472CD}.Release|Any CPU.Build.0 = Release|Any CPU
		{370EC8E1-2373-4615-A3FF-A7A39019AA32}.Debug|Any CPU.ActiveCfg = Debug|Any CPU
		{370EC8E1-2373-4615-A3FF-A7A39019AA32}.Debug|Any CPU.Build.0 = Debug|Any CPU
		{370EC8E1-2373-4615-A3FF-A7A39019AA32}.Release|Any CPU.ActiveCfg = Release|Any CPU
		{370EC8E1-2373-4615-A3FF-A7A39019AA32}.Release|Any CPU.Build.0 = Release|Any CPU
		{70E54795-7721-4FF5-A7E1-B5E516FA8E5D}.Debug|Any CPU.ActiveCfg = Debug|Any CPU
		{70E54795-7721-4FF5-A7E1-B5E516FA8E5D}.Debug|Any CPU.Build.0 = Debug|Any CPU
		{70E54795-7721-4FF5-A7E1-B5E516FA8E5D}.Release|Any CPU.ActiveCfg = Release|Any CPU
		{70E54795-7721-4FF5-A7E1-B5E516FA8E5D}.Release|Any CPU.Build.0 = Release|Any CPU
		{49BD3F29-D4F3-4344-9836-41C558F55127}.Debug|Any CPU.ActiveCfg = Debug|Any CPU
		{49BD3F29-D4F3-4344-9836-41C558F55127}.Debug|Any CPU.Build.0 = Debug|Any CPU
		{49BD3F29-D4F3-4344-9836-41C558F55127}.Release|Any CPU.ActiveCfg = Release|Any CPU
		{49BD3F29-D4F3-4344-9836-41C558F55127}.Release|Any CPU.Build.0 = Release|Any CPU
		{A0DCE87E-91EF-4CE1-B64E-51F4F48C74D5}.Debug|Any CPU.ActiveCfg = Debug|Any CPU
		{A0DCE87E-91EF-4CE1-B64E-51F4F48C74D5}.Debug|Any CPU.Build.0 = Debug|Any CPU
		{A0DCE87E-91EF-4CE1-B64E-51F4F48C74D5}.Release|Any CPU.ActiveCfg = Release|Any CPU
		{A0DCE87E-91EF-4CE1-B64E-51F4F48C74D5}.Release|Any CPU.Build.0 = Release|Any CPU
		{5BE9798B-21C0-4031-B748-590DF5EA8D26}.Debug|Any CPU.ActiveCfg = Debug|Any CPU
		{5BE9798B-21C0-4031-B748-590DF5EA8D26}.Debug|Any CPU.Build.0 = Debug|Any CPU
		{5BE9798B-21C0-4031-B748-590DF5EA8D26}.Release|Any CPU.ActiveCfg = Release|Any CPU
		{5BE9798B-21C0-4031-B748-590DF5EA8D26}.Release|Any CPU.Build.0 = Release|Any CPU
		{DFDEA1D8-7905-4ED3-B61B-80684D9F4ADD}.Debug|Any CPU.ActiveCfg = Debug|Any CPU
		{DFDEA1D8-7905-4ED3-B61B-80684D9F4ADD}.Debug|Any CPU.Build.0 = Debug|Any CPU
		{DFDEA1D8-7905-4ED3-B61B-80684D9F4ADD}.Release|Any CPU.ActiveCfg = Release|Any CPU
		{DFDEA1D8-7905-4ED3-B61B-80684D9F4ADD}.Release|Any CPU.Build.0 = Release|Any CPU
		{00D46CCF-37EC-46A0-806F-7E04F53FEAC8}.Debug|Any CPU.ActiveCfg = Debug|Any CPU
		{00D46CCF-37EC-46A0-806F-7E04F53FEAC8}.Debug|Any CPU.Build.0 = Debug|Any CPU
		{00D46CCF-37EC-46A0-806F-7E04F53FEAC8}.Release|Any CPU.ActiveCfg = Release|Any CPU
		{00D46CCF-37EC-46A0-806F-7E04F53FEAC8}.Release|Any CPU.Build.0 = Release|Any CPU
		{05A6BAA1-B339-445E-A20A-FBE4C31DDA73}.Debug|Any CPU.ActiveCfg = Debug|Any CPU
		{05A6BAA1-B339-445E-A20A-FBE4C31DDA73}.Debug|Any CPU.Build.0 = Debug|Any CPU
		{05A6BAA1-B339-445E-A20A-FBE4C31DDA73}.Release|Any CPU.ActiveCfg = Release|Any CPU
		{05A6BAA1-B339-445E-A20A-FBE4C31DDA73}.Release|Any CPU.Build.0 = Release|Any CPU
		{CDC22717-43EC-4466-8DC8-C5C4B1F51544}.Debug|Any CPU.ActiveCfg = Debug|Any CPU
		{CDC22717-43EC-4466-8DC8-C5C4B1F51544}.Debug|Any CPU.Build.0 = Debug|Any CPU
		{CDC22717-43EC-4466-8DC8-C5C4B1F51544}.Release|Any CPU.ActiveCfg = Release|Any CPU
		{CDC22717-43EC-4466-8DC8-C5C4B1F51544}.Release|Any CPU.Build.0 = Release|Any CPU
		{516313FF-943E-42E4-ACE0-DB3577244EF7}.Debug|Any CPU.ActiveCfg = Debug|Any CPU
		{516313FF-943E-42E4-ACE0-DB3577244EF7}.Debug|Any CPU.Build.0 = Debug|Any CPU
		{516313FF-943E-42E4-ACE0-DB3577244EF7}.Release|Any CPU.ActiveCfg = Release|Any CPU
		{516313FF-943E-42E4-ACE0-DB3577244EF7}.Release|Any CPU.Build.0 = Release|Any CPU
		{D27AC971-A1DE-4470-BF79-72B89BC1A1B2}.Debug|Any CPU.ActiveCfg = Debug|Any CPU
		{D27AC971-A1DE-4470-BF79-72B89BC1A1B2}.Debug|Any CPU.Build.0 = Debug|Any CPU
		{D27AC971-A1DE-4470-BF79-72B89BC1A1B2}.Release|Any CPU.ActiveCfg = Release|Any CPU
		{D27AC971-A1DE-4470-BF79-72B89BC1A1B2}.Release|Any CPU.Build.0 = Release|Any CPU
		{5CC195AF-0261-4A02-B73C-2DCAA6F37BBD}.Debug|Any CPU.ActiveCfg = Debug|Any CPU
		{5CC195AF-0261-4A02-B73C-2DCAA6F37BBD}.Debug|Any CPU.Build.0 = Debug|Any CPU
		{5CC195AF-0261-4A02-B73C-2DCAA6F37BBD}.Release|Any CPU.ActiveCfg = Release|Any CPU
		{5CC195AF-0261-4A02-B73C-2DCAA6F37BBD}.Release|Any CPU.Build.0 = Release|Any CPU
		{8BDCCF62-02F5-47E4-892C-3CDF8A4F45E6}.Debug|Any CPU.ActiveCfg = Debug|Any CPU
		{8BDCCF62-02F5-47E4-892C-3CDF8A4F45E6}.Debug|Any CPU.Build.0 = Debug|Any CPU
		{8BDCCF62-02F5-47E4-892C-3CDF8A4F45E6}.Release|Any CPU.ActiveCfg = Release|Any CPU
		{8BDCCF62-02F5-47E4-892C-3CDF8A4F45E6}.Release|Any CPU.Build.0 = Release|Any CPU
		{E3BFC62E-2C5B-4534-A86A-23D962E7A6EE}.Debug|Any CPU.ActiveCfg = Debug|Any CPU
		{E3BFC62E-2C5B-4534-A86A-23D962E7A6EE}.Debug|Any CPU.Build.0 = Debug|Any CPU
		{E3BFC62E-2C5B-4534-A86A-23D962E7A6EE}.Release|Any CPU.ActiveCfg = Release|Any CPU
		{E3BFC62E-2C5B-4534-A86A-23D962E7A6EE}.Release|Any CPU.Build.0 = Release|Any CPU
	EndGlobalSection
	GlobalSection(SolutionProperties) = preSolution
		HideSolutionNode = FALSE
	EndGlobalSection
	GlobalSection(ExtensibilityGlobals) = postSolution
		SolutionGuid = {9879F1C3-FC4C-4429-8CB7-748720DAFF3B}
	EndGlobalSection
EndGlobal
