
Microsoft Visual Studio Solution File, Format Version 12.00
# Visual Studio Version 16
VisualStudioVersion = 16.0.29609.76
MinimumVisualStudioVersion = 10.0.40219.1
Project("{9A19103F-16F7-4668-BE54-9A1E7A4F7556}") = "Exercise02", "Exercise02\Exercise02.csproj", "{0A31773F-BE08-45EA-8412-44D9628F9716}"
EndProject
Project("{9A19103F-16F7-4668-BE54-9A1E7A4F7556}") = "Exercise03", "Exercise03\Exercise03.csproj", "{E03415BC-23C8-4877-AEC0-5A5D10614589}"
EndProject
Project("{9A19103F-16F7-4668-BE54-9A1E7A4F7556}") = "Exercise04", "Exercise04\Exercise04.csproj", "{89010A9F-3444-4C29-B29E-91B58C933925}"
EndProject
Project("{9A19103F-16F7-4668-BE54-9A1E7A4F7556}") = "Exercise05", "Exercise05\Exercise05.csproj", "{35F73FD6-90CF-48C6-963C-9DAD278580BB}"
EndProject
Project("{9A19103F-16F7-4668-BE54-9A1E7A4F7556}") = "Exercise06", "Exercise06\Exercise06.csproj", "{17792F80-61F2-4D53-8436-B72685C11D16}"
EndProject
Project("{9A19103F-16F7-4668-BE54-9A1E7A4F7556}") = "Exercise07", "Exercise07\Exercise07.csproj", "{46B6650C-0E4D-4057-80CB-998FECEC0434}"
EndProject
Project("{9A19103F-16F7-4668-BE54-9A1E7A4F7556}") = "Exercise08", "Exercise08\Exercise08.csproj", "{C4F952FD-ED61-41C0-AFEF-7317C1FC6A62}"
EndProject
Project("{9A19103F-16F7-4668-BE54-9A1E7A4F7556}") = "Exercise09", "Exercise09\Exercise09.csproj", "{D4DF9095-7B88-4A1F-AEAA-527DE197AF38}"
EndProject
Project("{9A19103F-16F7-4668-BE54-9A1E7A4F7556}") = "Exercise10", "Exercise10\Exercise10.csproj", "{CED3C824-E133-40F3-B832-10BF58614D8D}"
EndProject
Project("{9A19103F-16F7-4668-BE54-9A1E7A4F7556}") = "Exercise11", "Exercise11\Exercise11.csproj", "{D835910A-A9A2-4C90-AD08-0598A0DFFBF4}"
EndProject
Project("{9A19103F-16F7-4668-BE54-9A1E7A4F7556}") = "Exercise12", "Exercise12\Exercise12.csproj", "{8E19FEEF-018A-4614-8903-FF547C3DF76E}"
EndProject
Project("{9A19103F-16F7-4668-BE54-9A1E7A4F7556}") = "Exercise13", "Exercise13\Exercise13.csproj", "{B9C7F719-2652-4D4A-9C60-8C3FBDCAB6BF}"
EndProject
Project("{9A19103F-16F7-4668-BE54-9A1E7A4F7556}") = "Exercise14", "Exercise14\Exercise14.csproj", "{F1EF87CF-1646-4AA2-A6A5-4D8A4C04AC73}"
EndProject
Project("{9A19103F-16F7-4668-BE54-9A1E7A4F7556}") = "Exercise15", "Exercise15\Exercise15.csproj", "{3CD63B37-C93D-4B06-8C28-71F7D949EFF5}"
EndProject
Project("{9A19103F-16F7-4668-BE54-9A1E7A4F7556}") = "Exercise16", "Exercise16\Exercise16.csproj", "{52F40946-2A46-4514-AE22-27191B238CA7}"
EndProject
Project("{9A19103F-16F7-4668-BE54-9A1E7A4F7556}") = "Exercise17", "Exercise17\Exercise17.csproj", "{9602158B-ACFC-4DD6-99F1-D644A6A3C630}"
EndProject
Project("{FAE04EC0-301F-11D3-BF4B-00C04F79EFBC}") = "Exercise18", "Exercise18\Exercise18.csproj", "{6A88BBB4-71D9-4915-BA5F-552B10C0AFFC}"
EndProject
Global
	GlobalSection(SolutionConfigurationPlatforms) = preSolution
		Debug|Any CPU = Debug|Any CPU
		Release|Any CPU = Release|Any CPU
	EndGlobalSection
	GlobalSection(ProjectConfigurationPlatforms) = postSolution
		{0A31773F-BE08-45EA-8412-44D9628F9716}.Debug|Any CPU.ActiveCfg = Debug|Any CPU
		{0A31773F-BE08-45EA-8412-44D9628F9716}.Debug|Any CPU.Build.0 = Debug|Any CPU
		{0A31773F-BE08-45EA-8412-44D9628F9716}.Release|Any CPU.ActiveCfg = Release|Any CPU
		{0A31773F-BE08-45EA-8412-44D9628F9716}.Release|Any CPU.Build.0 = Release|Any CPU
		{E03415BC-23C8-4877-AEC0-5A5D10614589}.Debug|Any CPU.ActiveCfg = Debug|Any CPU
		{E03415BC-23C8-4877-AEC0-5A5D10614589}.Debug|Any CPU.Build.0 = Debug|Any CPU
		{E03415BC-23C8-4877-AEC0-5A5D10614589}.Release|Any CPU.ActiveCfg = Release|Any CPU
		{E03415BC-23C8-4877-AEC0-5A5D10614589}.Release|Any CPU.Build.0 = Release|Any CPU
		{89010A9F-3444-4C29-B29E-91B58C933925}.Debug|Any CPU.ActiveCfg = Debug|Any CPU
		{89010A9F-3444-4C29-B29E-91B58C933925}.Debug|Any CPU.Build.0 = Debug|Any CPU
		{89010A9F-3444-4C29-B29E-91B58C933925}.Release|Any CPU.ActiveCfg = Release|Any CPU
		{89010A9F-3444-4C29-B29E-91B58C933925}.Release|Any CPU.Build.0 = Release|Any CPU
		{35F73FD6-90CF-48C6-963C-9DAD278580BB}.Debug|Any CPU.ActiveCfg = Debug|Any CPU
		{35F73FD6-90CF-48C6-963C-9DAD278580BB}.Debug|Any CPU.Build.0 = Debug|Any CPU
		{35F73FD6-90CF-48C6-963C-9DAD278580BB}.Release|Any CPU.ActiveCfg = Release|Any CPU
		{35F73FD6-90CF-48C6-963C-9DAD278580BB}.Release|Any CPU.Build.0 = Release|Any CPU
		{17792F80-61F2-4D53-8436-B72685C11D16}.Debug|Any CPU.ActiveCfg = Debug|Any CPU
		{17792F80-61F2-4D53-8436-B72685C11D16}.Debug|Any CPU.Build.0 = Debug|Any CPU
		{17792F80-61F2-4D53-8436-B72685C11D16}.Release|Any CPU.ActiveCfg = Release|Any CPU
		{17792F80-61F2-4D53-8436-B72685C11D16}.Release|Any CPU.Build.0 = Release|Any CPU
		{46B6650C-0E4D-4057-80CB-998FECEC0434}.Debug|Any CPU.ActiveCfg = Debug|Any CPU
		{46B6650C-0E4D-4057-80CB-998FECEC0434}.Debug|Any CPU.Build.0 = Debug|Any CPU
		{46B6650C-0E4D-4057-80CB-998FECEC0434}.Release|Any CPU.ActiveCfg = Release|Any CPU
		{46B6650C-0E4D-4057-80CB-998FECEC0434}.Release|Any CPU.Build.0 = Release|Any CPU
		{C4F952FD-ED61-41C0-AFEF-7317C1FC6A62}.Debug|Any CPU.ActiveCfg = Debug|Any CPU
		{C4F952FD-ED61-41C0-AFEF-7317C1FC6A62}.Debug|Any CPU.Build.0 = Debug|Any CPU
		{C4F952FD-ED61-41C0-AFEF-7317C1FC6A62}.Release|Any CPU.ActiveCfg = Release|Any CPU
		{C4F952FD-ED61-41C0-AFEF-7317C1FC6A62}.Release|Any CPU.Build.0 = Release|Any CPU
		{D4DF9095-7B88-4A1F-AEAA-527DE197AF38}.Debug|Any CPU.ActiveCfg = Debug|Any CPU
		{D4DF9095-7B88-4A1F-AEAA-527DE197AF38}.Debug|Any CPU.Build.0 = Debug|Any CPU
		{D4DF9095-7B88-4A1F-AEAA-527DE197AF38}.Release|Any CPU.ActiveCfg = Release|Any CPU
		{D4DF9095-7B88-4A1F-AEAA-527DE197AF38}.Release|Any CPU.Build.0 = Release|Any CPU
		{CED3C824-E133-40F3-B832-10BF58614D8D}.Debug|Any CPU.ActiveCfg = Debug|Any CPU
		{CED3C824-E133-40F3-B832-10BF58614D8D}.Debug|Any CPU.Build.0 = Debug|Any CPU
		{CED3C824-E133-40F3-B832-10BF58614D8D}.Release|Any CPU.ActiveCfg = Release|Any CPU
		{CED3C824-E133-40F3-B832-10BF58614D8D}.Release|Any CPU.Build.0 = Release|Any CPU
		{D835910A-A9A2-4C90-AD08-0598A0DFFBF4}.Debug|Any CPU.ActiveCfg = Debug|Any CPU
		{D835910A-A9A2-4C90-AD08-0598A0DFFBF4}.Debug|Any CPU.Build.0 = Debug|Any CPU
		{D835910A-A9A2-4C90-AD08-0598A0DFFBF4}.Release|Any CPU.ActiveCfg = Release|Any CPU
		{D835910A-A9A2-4C90-AD08-0598A0DFFBF4}.Release|Any CPU.Build.0 = Release|Any CPU
		{8E19FEEF-018A-4614-8903-FF547C3DF76E}.Debug|Any CPU.ActiveCfg = Debug|Any CPU
		{8E19FEEF-018A-4614-8903-FF547C3DF76E}.Debug|Any CPU.Build.0 = Debug|Any CPU
		{8E19FEEF-018A-4614-8903-FF547C3DF76E}.Release|Any CPU.ActiveCfg = Release|Any CPU
		{8E19FEEF-018A-4614-8903-FF547C3DF76E}.Release|Any CPU.Build.0 = Release|Any CPU
		{B9C7F719-2652-4D4A-9C60-8C3FBDCAB6BF}.Debug|Any CPU.ActiveCfg = Debug|Any CPU
		{B9C7F719-2652-4D4A-9C60-8C3FBDCAB6BF}.Debug|Any CPU.Build.0 = Debug|Any CPU
		{B9C7F719-2652-4D4A-9C60-8C3FBDCAB6BF}.Release|Any CPU.ActiveCfg = Release|Any CPU
		{B9C7F719-2652-4D4A-9C60-8C3FBDCAB6BF}.Release|Any CPU.Build.0 = Release|Any CPU
		{F1EF87CF-1646-4AA2-A6A5-4D8A4C04AC73}.Debug|Any CPU.ActiveCfg = Debug|Any CPU
		{F1EF87CF-1646-4AA2-A6A5-4D8A4C04AC73}.Debug|Any CPU.Build.0 = Debug|Any CPU
		{F1EF87CF-1646-4AA2-A6A5-4D8A4C04AC73}.Release|Any CPU.ActiveCfg = Release|Any CPU
		{F1EF87CF-1646-4AA2-A6A5-4D8A4C04AC73}.Release|Any CPU.Build.0 = Release|Any CPU
		{3CD63B37-C93D-4B06-8C28-71F7D949EFF5}.Debug|Any CPU.ActiveCfg = Debug|Any CPU
		{3CD63B37-C93D-4B06-8C28-71F7D949EFF5}.Debug|Any CPU.Build.0 = Debug|Any CPU
		{3CD63B37-C93D-4B06-8C28-71F7D949EFF5}.Release|Any CPU.ActiveCfg = Release|Any CPU
		{3CD63B37-C93D-4B06-8C28-71F7D949EFF5}.Release|Any CPU.Build.0 = Release|Any CPU
		{52F40946-2A46-4514-AE22-27191B238CA7}.Debug|Any CPU.ActiveCfg = Debug|Any CPU
		{52F40946-2A46-4514-AE22-27191B238CA7}.Debug|Any CPU.Build.0 = Debug|Any CPU
		{52F40946-2A46-4514-AE22-27191B238CA7}.Release|Any CPU.ActiveCfg = Release|Any CPU
		{52F40946-2A46-4514-AE22-27191B238CA7}.Release|Any CPU.Build.0 = Release|Any CPU
		{9602158B-ACFC-4DD6-99F1-D644A6A3C630}.Debug|Any CPU.ActiveCfg = Debug|Any CPU
		{9602158B-ACFC-4DD6-99F1-D644A6A3C630}.Debug|Any CPU.Build.0 = Debug|Any CPU
		{9602158B-ACFC-4DD6-99F1-D644A6A3C630}.Release|Any CPU.ActiveCfg = Release|Any CPU
		{9602158B-ACFC-4DD6-99F1-D644A6A3C630}.Release|Any CPU.Build.0 = Release|Any CPU
		{6A88BBB4-71D9-4915-BA5F-552B10C0AFFC}.Debug|Any CPU.ActiveCfg = Debug|Any CPU
		{6A88BBB4-71D9-4915-BA5F-552B10C0AFFC}.Debug|Any CPU.Build.0 = Debug|Any CPU
		{6A88BBB4-71D9-4915-BA5F-552B10C0AFFC}.Release|Any CPU.ActiveCfg = Release|Any CPU
		{6A88BBB4-71D9-4915-BA5F-552B10C0AFFC}.Release|Any CPU.Build.0 = Release|Any CPU
	EndGlobalSection
	GlobalSection(SolutionProperties) = preSolution
		HideSolutionNode = FALSE
	EndGlobalSection
	GlobalSection(ExtensibilityGlobals) = postSolution
		SolutionGuid = {7A9F38B1-57BC-4D3E-8375-701F9ED87973}
	EndGlobalSection
EndGlobal
