
Microsoft Visual Studio Solution File, Format Version 12.00
# Visual Studio Version 16
VisualStudioVersion = 16.0.29609.76
MinimumVisualStudioVersion = 10.0.40219.1
Project("{9A19103F-16F7-4668-BE54-9A1E7A4F7556}") = "Exercise25", "ABCSorting\Exercise25.csproj", "{18548A7C-85DA-43E1-B2B1-59CC9333DB65}"
EndProject
Project("{9A19103F-16F7-4668-BE54-9A1E7A4F7556}") = "Exercise04", "BackslashSplit\Exercise04.csproj", "{BAD460B8-0CBF-4E1B-A0F4-F2109110B85A}"
EndProject
Project("{9A19103F-16F7-4668-BE54-9A1E7A4F7556}") = "Exercise06", "CasingModifier\Exercise06.csproj", "{02109D7D-2557-42EC-AFFC-ADE34CF9D9C6}"
EndProject
Project("{9A19103F-16F7-4668-BE54-9A1E7A4F7556}") = "Exercise22", "CharactersCount\Exercise22.csproj", "{D5AE3F02-6E83-4F2A-A73F-D1985D336BB0}"
EndProject
Project("{9A19103F-16F7-4668-BE54-9A1E7A4F7556}") = "Exercise18", "DateTimeReader\Exercise18.csproj", "{DE4FEA08-B751-461E-9ADB-321573D1CFB9}"
EndProject
Project("{9A19103F-16F7-4668-BE54-9A1E7A4F7556}") = "Exercise17", "DaysCalculator\Exercise17.csproj", "{84EC822C-4DB5-4EDC-86A3-D7095CE3CEFB}"
EndProject
Project("{9A19103F-16F7-4668-BE54-9A1E7A4F7556}") = "Exercise15", "Dictionary\Exercise15.csproj", "{0FFFB21F-47F5-4B33-AA06-72202018C898}"
EndProject
Project("{9A19103F-16F7-4668-BE54-9A1E7A4F7556}") = "Exercise19", "EmailsFilter\Exercise19.csproj", "{2A6712A7-8399-4AB7-8636-A7327433B228}"
EndProject
Project("{9A19103F-16F7-4668-BE54-9A1E7A4F7556}") = "Exercise20", "ExtractDate\Exercise20.csproj", "{F4976FAA-ED44-41BF-B228-4FEC3A7D08FD}"
EndProject
Project("{9A19103F-16F7-4668-BE54-9A1E7A4F7556}") = "Exercise10", "ExtractSentencesWithParticularWord\Exercise10.csproj", "{D1565A4A-406A-4EB1-8E57-A57B2143BCFF}"
EndProject
Project("{9A19103F-16F7-4668-BE54-9A1E7A4F7556}") = "Exercise11", "ForbiddenWords\Exercise11.csproj", "{23391055-6440-4500-A5CC-2BC95DC12433}"
EndProject
Project("{9A19103F-16F7-4668-BE54-9A1E7A4F7556}") = "Exercise03", "IncorrectExpression\Exercise03.csproj", "{7C38262B-748F-4A31-BABA-E42994F1CE32}"
EndProject
Project("{9A19103F-16F7-4668-BE54-9A1E7A4F7556}") = "Exercise12", "NumberFormating\Exercise12.csproj", "{06C1F362-B8BF-4E78-B5B3-8CD2939F4749}"
EndProject
Project("{9A19103F-16F7-4668-BE54-9A1E7A4F7556}") = "Exercise21", "Palindromes\Exercise21.csproj", "{1CFC37DC-8013-4B2D-95F8-0998EFBCD099}"
EndProject
Project("{9A19103F-16F7-4668-BE54-9A1E7A4F7556}") = "Exercise26", "RemoveHTMLTags\Exercise26.csproj", "{68954FC5-5C13-423D-96DA-F5EB7EBABA41}"
EndProject
Project("{9A19103F-16F7-4668-BE54-9A1E7A4F7556}") = "Exercise16", "ReplaceHTMLTags\Exercise16.csproj", "{BC6639DA-0D03-4AAA-B78E-7229E7F29441}"
EndProject
Project("{9A19103F-16F7-4668-BE54-9A1E7A4F7556}") = "Exercise02", "ReverseString\Exercise02.csproj", "{1ACEA691-052A-4895-9CA5-54FCFC69A7DC}"
EndProject
Project("{9A19103F-16F7-4668-BE54-9A1E7A4F7556}") = "Exercise14", "ReverseSentence\Exercise14.csproj", "{E6B54832-148F-4BD3-99A2-825B555112C4}"
EndProject
Project("{9A19103F-16F7-4668-BE54-9A1E7A4F7556}") = "Exercise07", "StringOfTwentyCharacters\Exercise07.csproj", "{C6FE0390-A76C-44F4-B027-AC4864252927}"
EndProject
Project("{9A19103F-16F7-4668-BE54-9A1E7A4F7556}") = "Exercise08", "StringToUnicodeEscapeSequences\Exercise08.csproj", "{238C888E-0890-4424-B783-EC388EE27D39}"
EndProject
Project("{9A19103F-16F7-4668-BE54-9A1E7A4F7556}") = "Exercise05", "SubstringCounter\Exercise05.csproj", "{5B06E9DB-1105-4D74-9DA7-764E489E0114}"
EndProject
Project("{9A19103F-16F7-4668-BE54-9A1E7A4F7556}") = "Exercise13", "URLParse\Exercise13.csproj", "{E55CB62D-F6C9-43F0-A132-6403ADE14919}"
EndProject
Project("{9A19103F-16F7-4668-BE54-9A1E7A4F7556}") = "Exercise23", "WordsCount\Exercise23.csproj", "{2DECDE09-AA5D-4F57-AA4F-F74F8D086C1C}"
EndProject
Project("{9A19103F-16F7-4668-BE54-9A1E7A4F7556}") = "Exercise09", "XOREncrypt\Exercise09.csproj", "{5146B68B-1FF0-408D-AB38-9024859C3927}"
EndProject
Project("{9A19103F-16F7-4668-BE54-9A1E7A4F7556}") = "Exercise24", "RepeatingLetter\Exercise24.csproj", "{BA62AC5D-97A1-4BB9-A4BF-6B16855B5DEA}"
EndProject
Global
	GlobalSection(SolutionConfigurationPlatforms) = preSolution
		Debug|Any CPU = Debug|Any CPU
		Release|Any CPU = Release|Any CPU
	EndGlobalSection
	GlobalSection(ProjectConfigurationPlatforms) = postSolution
		{18548A7C-85DA-43E1-B2B1-59CC9333DB65}.Debug|Any CPU.ActiveCfg = Debug|Any CPU
		{18548A7C-85DA-43E1-B2B1-59CC9333DB65}.Debug|Any CPU.Build.0 = Debug|Any CPU
		{18548A7C-85DA-43E1-B2B1-59CC9333DB65}.Release|Any CPU.ActiveCfg = Release|Any CPU
		{18548A7C-85DA-43E1-B2B1-59CC9333DB65}.Release|Any CPU.Build.0 = Release|Any CPU
		{BAD460B8-0CBF-4E1B-A0F4-F2109110B85A}.Debug|Any CPU.ActiveCfg = Debug|Any CPU
		{BAD460B8-0CBF-4E1B-A0F4-F2109110B85A}.Debug|Any CPU.Build.0 = Debug|Any CPU
		{BAD460B8-0CBF-4E1B-A0F4-F2109110B85A}.Release|Any CPU.ActiveCfg = Release|Any CPU
		{BAD460B8-0CBF-4E1B-A0F4-F2109110B85A}.Release|Any CPU.Build.0 = Release|Any CPU
		{02109D7D-2557-42EC-AFFC-ADE34CF9D9C6}.Debug|Any CPU.ActiveCfg = Debug|Any CPU
		{02109D7D-2557-42EC-AFFC-ADE34CF9D9C6}.Debug|Any CPU.Build.0 = Debug|Any CPU
		{02109D7D-2557-42EC-AFFC-ADE34CF9D9C6}.Release|Any CPU.ActiveCfg = Release|Any CPU
		{02109D7D-2557-42EC-AFFC-ADE34CF9D9C6}.Release|Any CPU.Build.0 = Release|Any CPU
		{D5AE3F02-6E83-4F2A-A73F-D1985D336BB0}.Debug|Any CPU.ActiveCfg = Debug|Any CPU
		{D5AE3F02-6E83-4F2A-A73F-D1985D336BB0}.Debug|Any CPU.Build.0 = Debug|Any CPU
		{D5AE3F02-6E83-4F2A-A73F-D1985D336BB0}.Release|Any CPU.ActiveCfg = Release|Any CPU
		{D5AE3F02-6E83-4F2A-A73F-D1985D336BB0}.Release|Any CPU.Build.0 = Release|Any CPU
		{DE4FEA08-B751-461E-9ADB-321573D1CFB9}.Debug|Any CPU.ActiveCfg = Debug|Any CPU
		{DE4FEA08-B751-461E-9ADB-321573D1CFB9}.Debug|Any CPU.Build.0 = Debug|Any CPU
		{DE4FEA08-B751-461E-9ADB-321573D1CFB9}.Release|Any CPU.ActiveCfg = Release|Any CPU
		{DE4FEA08-B751-461E-9ADB-321573D1CFB9}.Release|Any CPU.Build.0 = Release|Any CPU
		{84EC822C-4DB5-4EDC-86A3-D7095CE3CEFB}.Debug|Any CPU.ActiveCfg = Debug|Any CPU
		{84EC822C-4DB5-4EDC-86A3-D7095CE3CEFB}.Debug|Any CPU.Build.0 = Debug|Any CPU
		{84EC822C-4DB5-4EDC-86A3-D7095CE3CEFB}.Release|Any CPU.ActiveCfg = Release|Any CPU
		{84EC822C-4DB5-4EDC-86A3-D7095CE3CEFB}.Release|Any CPU.Build.0 = Release|Any CPU
		{0FFFB21F-47F5-4B33-AA06-72202018C898}.Debug|Any CPU.ActiveCfg = Debug|Any CPU
		{0FFFB21F-47F5-4B33-AA06-72202018C898}.Debug|Any CPU.Build.0 = Debug|Any CPU
		{0FFFB21F-47F5-4B33-AA06-72202018C898}.Release|Any CPU.ActiveCfg = Release|Any CPU
		{0FFFB21F-47F5-4B33-AA06-72202018C898}.Release|Any CPU.Build.0 = Release|Any CPU
		{2A6712A7-8399-4AB7-8636-A7327433B228}.Debug|Any CPU.ActiveCfg = Debug|Any CPU
		{2A6712A7-8399-4AB7-8636-A7327433B228}.Debug|Any CPU.Build.0 = Debug|Any CPU
		{2A6712A7-8399-4AB7-8636-A7327433B228}.Release|Any CPU.ActiveCfg = Release|Any CPU
		{2A6712A7-8399-4AB7-8636-A7327433B228}.Release|Any CPU.Build.0 = Release|Any CPU
		{F4976FAA-ED44-41BF-B228-4FEC3A7D08FD}.Debug|Any CPU.ActiveCfg = Debug|Any CPU
		{F4976FAA-ED44-41BF-B228-4FEC3A7D08FD}.Debug|Any CPU.Build.0 = Debug|Any CPU
		{F4976FAA-ED44-41BF-B228-4FEC3A7D08FD}.Release|Any CPU.ActiveCfg = Release|Any CPU
		{F4976FAA-ED44-41BF-B228-4FEC3A7D08FD}.Release|Any CPU.Build.0 = Release|Any CPU
		{D1565A4A-406A-4EB1-8E57-A57B2143BCFF}.Debug|Any CPU.ActiveCfg = Debug|Any CPU
		{D1565A4A-406A-4EB1-8E57-A57B2143BCFF}.Debug|Any CPU.Build.0 = Debug|Any CPU
		{D1565A4A-406A-4EB1-8E57-A57B2143BCFF}.Release|Any CPU.ActiveCfg = Release|Any CPU
		{D1565A4A-406A-4EB1-8E57-A57B2143BCFF}.Release|Any CPU.Build.0 = Release|Any CPU
		{23391055-6440-4500-A5CC-2BC95DC12433}.Debug|Any CPU.ActiveCfg = Debug|Any CPU
		{23391055-6440-4500-A5CC-2BC95DC12433}.Debug|Any CPU.Build.0 = Debug|Any CPU
		{23391055-6440-4500-A5CC-2BC95DC12433}.Release|Any CPU.ActiveCfg = Release|Any CPU
		{23391055-6440-4500-A5CC-2BC95DC12433}.Release|Any CPU.Build.0 = Release|Any CPU
		{7C38262B-748F-4A31-BABA-E42994F1CE32}.Debug|Any CPU.ActiveCfg = Debug|Any CPU
		{7C38262B-748F-4A31-BABA-E42994F1CE32}.Debug|Any CPU.Build.0 = Debug|Any CPU
		{7C38262B-748F-4A31-BABA-E42994F1CE32}.Release|Any CPU.ActiveCfg = Release|Any CPU
		{7C38262B-748F-4A31-BABA-E42994F1CE32}.Release|Any CPU.Build.0 = Release|Any CPU
		{06C1F362-B8BF-4E78-B5B3-8CD2939F4749}.Debug|Any CPU.ActiveCfg = Debug|Any CPU
		{06C1F362-B8BF-4E78-B5B3-8CD2939F4749}.Debug|Any CPU.Build.0 = Debug|Any CPU
		{06C1F362-B8BF-4E78-B5B3-8CD2939F4749}.Release|Any CPU.ActiveCfg = Release|Any CPU
		{06C1F362-B8BF-4E78-B5B3-8CD2939F4749}.Release|Any CPU.Build.0 = Release|Any CPU
		{1CFC37DC-8013-4B2D-95F8-0998EFBCD099}.Debug|Any CPU.ActiveCfg = Debug|Any CPU
		{1CFC37DC-8013-4B2D-95F8-0998EFBCD099}.Debug|Any CPU.Build.0 = Debug|Any CPU
		{1CFC37DC-8013-4B2D-95F8-0998EFBCD099}.Release|Any CPU.ActiveCfg = Release|Any CPU
		{1CFC37DC-8013-4B2D-95F8-0998EFBCD099}.Release|Any CPU.Build.0 = Release|Any CPU
		{68954FC5-5C13-423D-96DA-F5EB7EBABA41}.Debug|Any CPU.ActiveCfg = Debug|Any CPU
		{68954FC5-5C13-423D-96DA-F5EB7EBABA41}.Debug|Any CPU.Build.0 = Debug|Any CPU
		{68954FC5-5C13-423D-96DA-F5EB7EBABA41}.Release|Any CPU.ActiveCfg = Release|Any CPU
		{68954FC5-5C13-423D-96DA-F5EB7EBABA41}.Release|Any CPU.Build.0 = Release|Any CPU
		{BC6639DA-0D03-4AAA-B78E-7229E7F29441}.Debug|Any CPU.ActiveCfg = Debug|Any CPU
		{BC6639DA-0D03-4AAA-B78E-7229E7F29441}.Debug|Any CPU.Build.0 = Debug|Any CPU
		{BC6639DA-0D03-4AAA-B78E-7229E7F29441}.Release|Any CPU.ActiveCfg = Release|Any CPU
		{BC6639DA-0D03-4AAA-B78E-7229E7F29441}.Release|Any CPU.Build.0 = Release|Any CPU
		{1ACEA691-052A-4895-9CA5-54FCFC69A7DC}.Debug|Any CPU.ActiveCfg = Debug|Any CPU
		{1ACEA691-052A-4895-9CA5-54FCFC69A7DC}.Debug|Any CPU.Build.0 = Debug|Any CPU
		{1ACEA691-052A-4895-9CA5-54FCFC69A7DC}.Release|Any CPU.ActiveCfg = Release|Any CPU
		{1ACEA691-052A-4895-9CA5-54FCFC69A7DC}.Release|Any CPU.Build.0 = Release|Any CPU
		{E6B54832-148F-4BD3-99A2-825B555112C4}.Debug|Any CPU.ActiveCfg = Debug|Any CPU
		{E6B54832-148F-4BD3-99A2-825B555112C4}.Debug|Any CPU.Build.0 = Debug|Any CPU
		{E6B54832-148F-4BD3-99A2-825B555112C4}.Release|Any CPU.ActiveCfg = Release|Any CPU
		{E6B54832-148F-4BD3-99A2-825B555112C4}.Release|Any CPU.Build.0 = Release|Any CPU
		{C6FE0390-A76C-44F4-B027-AC4864252927}.Debug|Any CPU.ActiveCfg = Debug|Any CPU
		{C6FE0390-A76C-44F4-B027-AC4864252927}.Debug|Any CPU.Build.0 = Debug|Any CPU
		{C6FE0390-A76C-44F4-B027-AC4864252927}.Release|Any CPU.ActiveCfg = Release|Any CPU
		{C6FE0390-A76C-44F4-B027-AC4864252927}.Release|Any CPU.Build.0 = Release|Any CPU
		{238C888E-0890-4424-B783-EC388EE27D39}.Debug|Any CPU.ActiveCfg = Debug|Any CPU
		{238C888E-0890-4424-B783-EC388EE27D39}.Debug|Any CPU.Build.0 = Debug|Any CPU
		{238C888E-0890-4424-B783-EC388EE27D39}.Release|Any CPU.ActiveCfg = Release|Any CPU
		{238C888E-0890-4424-B783-EC388EE27D39}.Release|Any CPU.Build.0 = Release|Any CPU
		{5B06E9DB-1105-4D74-9DA7-764E489E0114}.Debug|Any CPU.ActiveCfg = Debug|Any CPU
		{5B06E9DB-1105-4D74-9DA7-764E489E0114}.Debug|Any CPU.Build.0 = Debug|Any CPU
		{5B06E9DB-1105-4D74-9DA7-764E489E0114}.Release|Any CPU.ActiveCfg = Release|Any CPU
		{5B06E9DB-1105-4D74-9DA7-764E489E0114}.Release|Any CPU.Build.0 = Release|Any CPU
		{E55CB62D-F6C9-43F0-A132-6403ADE14919}.Debug|Any CPU.ActiveCfg = Debug|Any CPU
		{E55CB62D-F6C9-43F0-A132-6403ADE14919}.Debug|Any CPU.Build.0 = Debug|Any CPU
		{E55CB62D-F6C9-43F0-A132-6403ADE14919}.Release|Any CPU.ActiveCfg = Release|Any CPU
		{E55CB62D-F6C9-43F0-A132-6403ADE14919}.Release|Any CPU.Build.0 = Release|Any CPU
		{2DECDE09-AA5D-4F57-AA4F-F74F8D086C1C}.Debug|Any CPU.ActiveCfg = Debug|Any CPU
		{2DECDE09-AA5D-4F57-AA4F-F74F8D086C1C}.Debug|Any CPU.Build.0 = Debug|Any CPU
		{2DECDE09-AA5D-4F57-AA4F-F74F8D086C1C}.Release|Any CPU.ActiveCfg = Release|Any CPU
		{2DECDE09-AA5D-4F57-AA4F-F74F8D086C1C}.Release|Any CPU.Build.0 = Release|Any CPU
		{5146B68B-1FF0-408D-AB38-9024859C3927}.Debug|Any CPU.ActiveCfg = Debug|Any CPU
		{5146B68B-1FF0-408D-AB38-9024859C3927}.Debug|Any CPU.Build.0 = Debug|Any CPU
		{5146B68B-1FF0-408D-AB38-9024859C3927}.Release|Any CPU.ActiveCfg = Release|Any CPU
		{5146B68B-1FF0-408D-AB38-9024859C3927}.Release|Any CPU.Build.0 = Release|Any CPU
		{BA62AC5D-97A1-4BB9-A4BF-6B16855B5DEA}.Debug|Any CPU.ActiveCfg = Debug|Any CPU
		{BA62AC5D-97A1-4BB9-A4BF-6B16855B5DEA}.Debug|Any CPU.Build.0 = Debug|Any CPU
		{BA62AC5D-97A1-4BB9-A4BF-6B16855B5DEA}.Release|Any CPU.ActiveCfg = Release|Any CPU
		{BA62AC5D-97A1-4BB9-A4BF-6B16855B5DEA}.Release|Any CPU.Build.0 = Release|Any CPU
	EndGlobalSection
	GlobalSection(SolutionProperties) = preSolution
		HideSolutionNode = FALSE
	EndGlobalSection
	GlobalSection(ExtensibilityGlobals) = postSolution
		SolutionGuid = {7A9F38B1-57BC-4D3E-8375-701F9ED87973}
	EndGlobalSection
EndGlobal
