
Microsoft Visual Studio Solution File, Format Version 12.00
# Visual Studio Version 16
VisualStudioVersion = 16.0.29613.14
MinimumVisualStudioVersion = 10.0.40219.1
Project("{9A19103F-16F7-4668-BE54-9A1E7A4F7556}") = "Exercise12", "BusSchedule\Exercise12.csproj", "{79A3BB69-AD30-4A5F-949D-19F0046270B9}"
EndProject
Project("{9A19103F-16F7-4668-BE54-9A1E7A4F7556}") = "Exercise01", "CountNumberOccurences\Exercise01.csproj", "{80C6042B-ABE9-43A1-AA48-6AC0CB53E580}"
EndProject
Project("{9A19103F-16F7-4668-BE54-9A1E7A4F7556}") = "Exercise07", "CuckooHasing\Exercise07.csproj", "{780C7C24-FBD0-40AC-8710-30F282098674}"
EndProject
Project("{9A19103F-16F7-4668-BE54-9A1E7A4F7556}") = "Exercise04", "DictionaryHashSet\Exercise04.csproj", "{D085722F-69DD-4846-8A5F-A0AF97DCCC17}"
EndProject
Project("{9A19103F-16F7-4668-BE54-9A1E7A4F7556}") = "Exercise05", "DoubleKeyDict\Exercise05.csproj", "{E15CEED6-A252-4CEB-AE69-DCCA16CAC734}"
EndProject
Project("{9A19103F-16F7-4668-BE54-9A1E7A4F7556}") = "Exercise09", "HashedSet\Exercise09.csproj", "{0B28B373-9E16-4CD9-8303-1B3BF44EE5B9}"
EndProject
Project("{9A19103F-16F7-4668-BE54-9A1E7A4F7556}") = "Exercise08", "HashTable\Exercise08.csproj", "{312DCEBA-005B-46F2-957C-56AD22CC097B}"
EndProject
Project("{9A19103F-16F7-4668-BE54-9A1E7A4F7556}") = "Exercise13", "LuckySub\Exercise13.csproj", "{3081AF90-6FCC-4C95-AC9B-CF43CFD15448}"
EndProject
Project("{9A19103F-16F7-4668-BE54-9A1E7A4F7556}") = "Exercise06", "MultyValueDictionary\Exercise06.csproj", "{9DA46614-AEDB-4EBA-A4C5-B8CAB468D5C2}"
EndProject
Project("{9A19103F-16F7-4668-BE54-9A1E7A4F7556}") = "Exercise02", "RemoveNumbersWithOddOccurences\Exercise02.csproj", "{F6E9CEA6-6164-422F-BCF1-19BB691C5E9B}"
EndProject
Project("{9A19103F-16F7-4668-BE54-9A1E7A4F7556}") = "Exercise10", "Sequences\Exercise10.csproj", "{104D8CC8-913A-4D86-BFE7-4BEDE163FCF1}"
EndProject
Project("{9A19103F-16F7-4668-BE54-9A1E7A4F7556}") = "Exercise11", "TreeMultySet\Exercise11.csproj", "{6150394B-2683-42A8-9E70-FA9E571B22C7}"
EndProject
Project("{9A19103F-16F7-4668-BE54-9A1E7A4F7556}") = "Exercise03", "Wordscount\Exercise03.csproj", "{2664A07B-DF5E-4C89-9AF2-5D72F6826323}"
EndProject
Global
	GlobalSection(SolutionConfigurationPlatforms) = preSolution
		Debug|Any CPU = Debug|Any CPU
		Release|Any CPU = Release|Any CPU
	EndGlobalSection
	GlobalSection(ProjectConfigurationPlatforms) = postSolution
		{79A3BB69-AD30-4A5F-949D-19F0046270B9}.Debug|Any CPU.ActiveCfg = Debug|Any CPU
		{79A3BB69-AD30-4A5F-949D-19F0046270B9}.Debug|Any CPU.Build.0 = Debug|Any CPU
		{79A3BB69-AD30-4A5F-949D-19F0046270B9}.Release|Any CPU.ActiveCfg = Release|Any CPU
		{79A3BB69-AD30-4A5F-949D-19F0046270B9}.Release|Any CPU.Build.0 = Release|Any CPU
		{80C6042B-ABE9-43A1-AA48-6AC0CB53E580}.Debug|Any CPU.ActiveCfg = Debug|Any CPU
		{80C6042B-ABE9-43A1-AA48-6AC0CB53E580}.Debug|Any CPU.Build.0 = Debug|Any CPU
		{80C6042B-ABE9-43A1-AA48-6AC0CB53E580}.Release|Any CPU.ActiveCfg = Release|Any CPU
		{80C6042B-ABE9-43A1-AA48-6AC0CB53E580}.Release|Any CPU.Build.0 = Release|Any CPU
		{780C7C24-FBD0-40AC-8710-30F282098674}.Debug|Any CPU.ActiveCfg = Debug|Any CPU
		{780C7C24-FBD0-40AC-8710-30F282098674}.Debug|Any CPU.Build.0 = Debug|Any CPU
		{780C7C24-FBD0-40AC-8710-30F282098674}.Release|Any CPU.ActiveCfg = Release|Any CPU
		{780C7C24-FBD0-40AC-8710-30F282098674}.Release|Any CPU.Build.0 = Release|Any CPU
		{D085722F-69DD-4846-8A5F-A0AF97DCCC17}.Debug|Any CPU.ActiveCfg = Debug|Any CPU
		{D085722F-69DD-4846-8A5F-A0AF97DCCC17}.Debug|Any CPU.Build.0 = Debug|Any CPU
		{D085722F-69DD-4846-8A5F-A0AF97DCCC17}.Release|Any CPU.ActiveCfg = Release|Any CPU
		{D085722F-69DD-4846-8A5F-A0AF97DCCC17}.Release|Any CPU.Build.0 = Release|Any CPU
		{E15CEED6-A252-4CEB-AE69-DCCA16CAC734}.Debug|Any CPU.ActiveCfg = Debug|Any CPU
		{E15CEED6-A252-4CEB-AE69-DCCA16CAC734}.Debug|Any CPU.Build.0 = Debug|Any CPU
		{E15CEED6-A252-4CEB-AE69-DCCA16CAC734}.Release|Any CPU.ActiveCfg = Release|Any CPU
		{E15CEED6-A252-4CEB-AE69-DCCA16CAC734}.Release|Any CPU.Build.0 = Release|Any CPU
		{0B28B373-9E16-4CD9-8303-1B3BF44EE5B9}.Debug|Any CPU.ActiveCfg = Debug|Any CPU
		{0B28B373-9E16-4CD9-8303-1B3BF44EE5B9}.Debug|Any CPU.Build.0 = Debug|Any CPU
		{0B28B373-9E16-4CD9-8303-1B3BF44EE5B9}.Release|Any CPU.ActiveCfg = Release|Any CPU
		{0B28B373-9E16-4CD9-8303-1B3BF44EE5B9}.Release|Any CPU.Build.0 = Release|Any CPU
		{312DCEBA-005B-46F2-957C-56AD22CC097B}.Debug|Any CPU.ActiveCfg = Debug|Any CPU
		{312DCEBA-005B-46F2-957C-56AD22CC097B}.Debug|Any CPU.Build.0 = Debug|Any CPU
		{312DCEBA-005B-46F2-957C-56AD22CC097B}.Release|Any CPU.ActiveCfg = Release|Any CPU
		{312DCEBA-005B-46F2-957C-56AD22CC097B}.Release|Any CPU.Build.0 = Release|Any CPU
		{3081AF90-6FCC-4C95-AC9B-CF43CFD15448}.Debug|Any CPU.ActiveCfg = Debug|Any CPU
		{3081AF90-6FCC-4C95-AC9B-CF43CFD15448}.Debug|Any CPU.Build.0 = Debug|Any CPU
		{3081AF90-6FCC-4C95-AC9B-CF43CFD15448}.Release|Any CPU.ActiveCfg = Release|Any CPU
		{3081AF90-6FCC-4C95-AC9B-CF43CFD15448}.Release|Any CPU.Build.0 = Release|Any CPU
		{9DA46614-AEDB-4EBA-A4C5-B8CAB468D5C2}.Debug|Any CPU.ActiveCfg = Debug|Any CPU
		{9DA46614-AEDB-4EBA-A4C5-B8CAB468D5C2}.Debug|Any CPU.Build.0 = Debug|Any CPU
		{9DA46614-AEDB-4EBA-A4C5-B8CAB468D5C2}.Release|Any CPU.ActiveCfg = Release|Any CPU
		{9DA46614-AEDB-4EBA-A4C5-B8CAB468D5C2}.Release|Any CPU.Build.0 = Release|Any CPU
		{F6E9CEA6-6164-422F-BCF1-19BB691C5E9B}.Debug|Any CPU.ActiveCfg = Debug|Any CPU
		{F6E9CEA6-6164-422F-BCF1-19BB691C5E9B}.Debug|Any CPU.Build.0 = Debug|Any CPU
		{F6E9CEA6-6164-422F-BCF1-19BB691C5E9B}.Release|Any CPU.ActiveCfg = Release|Any CPU
		{F6E9CEA6-6164-422F-BCF1-19BB691C5E9B}.Release|Any CPU.Build.0 = Release|Any CPU
		{104D8CC8-913A-4D86-BFE7-4BEDE163FCF1}.Debug|Any CPU.ActiveCfg = Debug|Any CPU
		{104D8CC8-913A-4D86-BFE7-4BEDE163FCF1}.Debug|Any CPU.Build.0 = Debug|Any CPU
		{104D8CC8-913A-4D86-BFE7-4BEDE163FCF1}.Release|Any CPU.ActiveCfg = Release|Any CPU
		{104D8CC8-913A-4D86-BFE7-4BEDE163FCF1}.Release|Any CPU.Build.0 = Release|Any CPU
		{6150394B-2683-42A8-9E70-FA9E571B22C7}.Debug|Any CPU.ActiveCfg = Debug|Any CPU
		{6150394B-2683-42A8-9E70-FA9E571B22C7}.Debug|Any CPU.Build.0 = Debug|Any CPU
		{6150394B-2683-42A8-9E70-FA9E571B22C7}.Release|Any CPU.ActiveCfg = Release|Any CPU
		{6150394B-2683-42A8-9E70-FA9E571B22C7}.Release|Any CPU.Build.0 = Release|Any CPU
		{2664A07B-DF5E-4C89-9AF2-5D72F6826323}.Debug|Any CPU.ActiveCfg = Debug|Any CPU
		{2664A07B-DF5E-4C89-9AF2-5D72F6826323}.Debug|Any CPU.Build.0 = Debug|Any CPU
		{2664A07B-DF5E-4C89-9AF2-5D72F6826323}.Release|Any CPU.ActiveCfg = Release|Any CPU
		{2664A07B-DF5E-4C89-9AF2-5D72F6826323}.Release|Any CPU.Build.0 = Release|Any CPU
	EndGlobalSection
	GlobalSection(SolutionProperties) = preSolution
		HideSolutionNode = FALSE
	EndGlobalSection
	GlobalSection(ExtensibilityGlobals) = postSolution
		SolutionGuid = {C8ED76F6-F84E-45B6-9F73-525F31191AF8}
	EndGlobalSection
EndGlobal
