
Microsoft Visual Studio Solution File, Format Version 12.00
# Visual Studio Version 16
VisualStudioVersion = 16.0.29609.76
MinimumVisualStudioVersion = 10.0.40219.1
Project("{9A19103F-16F7-4668-BE54-9A1E7A4F7556}") = "Exercise01", "Exercise01\Exercise01.csproj", "{CE3AC691-0567-4B81-A57C-032939D651C5}"
EndProject
Project("{FAE04EC0-301F-11D3-BF4B-00C04F79EFBC}") = "Exercise02", "Exercise02\Exercise02.csproj", "{DF166C78-D139-42C2-A819-FAAAC2AFAC22}"
EndProject
Global
	GlobalSection(SolutionConfigurationPlatforms) = preSolution
		Debug|Any CPU = Debug|Any CPU
		Release|Any CPU = Release|Any CPU
	EndGlobalSection
	GlobalSection(ProjectConfigurationPlatforms) = postSolution
		{CE3AC691-0567-4B81-A57C-032939D651C5}.Debug|Any CPU.ActiveCfg = Debug|Any CPU
		{CE3AC691-0567-4B81-A57C-032939D651C5}.Debug|Any CPU.Build.0 = Debug|Any CPU
		{CE3AC691-0567-4B81-A57C-032939D651C5}.Release|Any CPU.ActiveCfg = Release|Any CPU
		{CE3AC691-0567-4B81-A57C-032939D651C5}.Release|Any CPU.Build.0 = Release|Any CPU
		{DF166C78-D139-42C2-A819-FAAAC2AFAC22}.Debug|Any CPU.ActiveCfg = Debug|Any CPU
		{DF166C78-D139-42C2-A819-FAAAC2AFAC22}.Debug|Any CPU.Build.0 = Debug|Any CPU
		{DF166C78-D139-42C2-A819-FAAAC2AFAC22}.Release|Any CPU.ActiveCfg = Release|Any CPU
		{DF166C78-D139-42C2-A819-FAAAC2AFAC22}.Release|Any CPU.Build.0 = Release|Any CPU
	EndGlobalSection
	GlobalSection(SolutionProperties) = preSolution
		HideSolutionNode = FALSE
	EndGlobalSection
	GlobalSection(ExtensibilityGlobals) = postSolution
		SolutionGuid = {829BF2C2-3777-49A8-A90E-D2D4A6C04C92}
	EndGlobalSection
EndGlobal
