
Microsoft Visual Studio Solution File, Format Version 12.00
# Visual Studio Version 16
VisualStudioVersion = 16.0.29613.14
MinimumVisualStudioVersion = 10.0.40219.1
Project("{9A19103F-16F7-4668-BE54-9A1E7A4F7556}") = "Exercise15", "BubbleSortLinkedList\Exercise15.csproj", "{136D72E5-70A3-4045-972D-D7A757B43D28}"
EndProject
Project("{9A19103F-16F7-4668-BE54-9A1E7A4F7556}") = "Exercise14", "CircularQueueArray\Exercise14.csproj", "{BD948379-A069-4505-8DAE-58C4757B8899}"
EndProject
Project("{9A19103F-16F7-4668-BE54-9A1E7A4F7556}") = "Exercise13", "DequeLinkedList\Exercise13.csproj", "{8F9EDA92-EC4E-45E2-8B4D-E2C22F3E52D6}"
EndProject
Project("{9A19103F-16F7-4668-BE54-9A1E7A4F7556}") = "Exercise17", "DFSDirectories\Exercise17.csproj", "{159040DB-1EF1-45BC-9A13-2214BAB287BD}"
EndProject
Project("{9A19103F-16F7-4668-BE54-9A1E7A4F7556}") = "Exercise16", "DirectoryList\Exercise16.csproj", "{BFC28AB4-3ABB-428A-8C90-D66992C208E4}"
EndProject
Project("{9A19103F-16F7-4668-BE54-9A1E7A4F7556}") = "Exercise11", "DoubleLinkedList\Exercise11.csproj", "{DC1C3D24-D0ED-485C-A368-DDAA975E2E66}"
EndProject
Project("{9A19103F-16F7-4668-BE54-9A1E7A4F7556}") = "Exercise12", "DynamicStack\Exercise12.csproj", "{B8AD23AD-D541-4931-BE1C-CB7E0CAEC89C}"
EndProject
Project("{9A19103F-16F7-4668-BE54-9A1E7A4F7556}") = "Exercise04", "LongestSubsequence\Exercise04.csproj", "{9030EC9C-A8C4-49D5-8176-11DDE6305530}"
EndProject
Project("{9A19103F-16F7-4668-BE54-9A1E7A4F7556}") = "Exercise08", "Majorant\Exercise08.csproj", "{53ADC0E8-03DC-4434-BB40-9195EF3E69E1}"
EndProject
Project("{9A19103F-16F7-4668-BE54-9A1E7A4F7556}") = "Exercise18", "MatrixFill\Exercise18.csproj", "{ACDB4CCD-F3FF-4640-A81A-5636614F9ACE}"
EndProject
Project("{9A19103F-16F7-4668-BE54-9A1E7A4F7556}") = "Exercise07", "NumberOccurrence\Exercise07.csproj", "{6E54F1CB-1F43-43B3-8346-9C1550ED2311}"
EndProject
Project("{9A19103F-16F7-4668-BE54-9A1E7A4F7556}") = "Exercise09", "QueueSequence\Exercise09.csproj", "{392F1AA3-D425-41BA-B646-5587B8008C92}"
EndProject
Project("{9A19103F-16F7-4668-BE54-9A1E7A4F7556}") = "Exercise05", "RemoveNegativeNumbers\Exercise05.csproj", "{C55BA10F-752D-4400-ACF5-345D0D0AB363}"
EndProject
Project("{9A19103F-16F7-4668-BE54-9A1E7A4F7556}") = "Exercise06", "RemoveOddCountNumbers\Exercise06.csproj", "{92C2727F-9A8F-4627-ABDC-453B001E132B}"
EndProject
Project("{9A19103F-16F7-4668-BE54-9A1E7A4F7556}") = "Exercise02", "ReverseStack\Exercise02.csproj", "{C776D9C4-D4B2-4B2C-82BE-13130D9DB133}"
EndProject
Project("{9A19103F-16F7-4668-BE54-9A1E7A4F7556}") = "Exercise01", "SequenceSumAndAverage\Exercise01.csproj", "{6694FDE5-0CA3-458E-A9F6-693339C77C98}"
EndProject
Project("{9A19103F-16F7-4668-BE54-9A1E7A4F7556}") = "Exercise03", "SortedSequence\Exercise03.csproj", "{139E6544-9A28-4B37-B39F-1D1320D496EE}"
EndProject
Project("{9A19103F-16F7-4668-BE54-9A1E7A4F7556}") = "Exercise10", "ShortestSubsequence\Exercise10.csproj", "{E97C73B7-91DC-4234-A571-6342870C8663}"
EndProject
Global
	GlobalSection(SolutionConfigurationPlatforms) = preSolution
		Debug|Any CPU = Debug|Any CPU
		Release|Any CPU = Release|Any CPU
	EndGlobalSection
	GlobalSection(ProjectConfigurationPlatforms) = postSolution
		{136D72E5-70A3-4045-972D-D7A757B43D28}.Debug|Any CPU.ActiveCfg = Debug|Any CPU
		{136D72E5-70A3-4045-972D-D7A757B43D28}.Debug|Any CPU.Build.0 = Debug|Any CPU
		{136D72E5-70A3-4045-972D-D7A757B43D28}.Release|Any CPU.ActiveCfg = Release|Any CPU
		{136D72E5-70A3-4045-972D-D7A757B43D28}.Release|Any CPU.Build.0 = Release|Any CPU
		{BD948379-A069-4505-8DAE-58C4757B8899}.Debug|Any CPU.ActiveCfg = Debug|Any CPU
		{BD948379-A069-4505-8DAE-58C4757B8899}.Debug|Any CPU.Build.0 = Debug|Any CPU
		{BD948379-A069-4505-8DAE-58C4757B8899}.Release|Any CPU.ActiveCfg = Release|Any CPU
		{BD948379-A069-4505-8DAE-58C4757B8899}.Release|Any CPU.Build.0 = Release|Any CPU
		{8F9EDA92-EC4E-45E2-8B4D-E2C22F3E52D6}.Debug|Any CPU.ActiveCfg = Debug|Any CPU
		{8F9EDA92-EC4E-45E2-8B4D-E2C22F3E52D6}.Debug|Any CPU.Build.0 = Debug|Any CPU
		{8F9EDA92-EC4E-45E2-8B4D-E2C22F3E52D6}.Release|Any CPU.ActiveCfg = Release|Any CPU
		{8F9EDA92-EC4E-45E2-8B4D-E2C22F3E52D6}.Release|Any CPU.Build.0 = Release|Any CPU
		{159040DB-1EF1-45BC-9A13-2214BAB287BD}.Debug|Any CPU.ActiveCfg = Debug|Any CPU
		{159040DB-1EF1-45BC-9A13-2214BAB287BD}.Debug|Any CPU.Build.0 = Debug|Any CPU
		{159040DB-1EF1-45BC-9A13-2214BAB287BD}.Release|Any CPU.ActiveCfg = Release|Any CPU
		{159040DB-1EF1-45BC-9A13-2214BAB287BD}.Release|Any CPU.Build.0 = Release|Any CPU
		{BFC28AB4-3ABB-428A-8C90-D66992C208E4}.Debug|Any CPU.ActiveCfg = Debug|Any CPU
		{BFC28AB4-3ABB-428A-8C90-D66992C208E4}.Debug|Any CPU.Build.0 = Debug|Any CPU
		{BFC28AB4-3ABB-428A-8C90-D66992C208E4}.Release|Any CPU.ActiveCfg = Release|Any CPU
		{BFC28AB4-3ABB-428A-8C90-D66992C208E4}.Release|Any CPU.Build.0 = Release|Any CPU
		{DC1C3D24-D0ED-485C-A368-DDAA975E2E66}.Debug|Any CPU.ActiveCfg = Debug|Any CPU
		{DC1C3D24-D0ED-485C-A368-DDAA975E2E66}.Debug|Any CPU.Build.0 = Debug|Any CPU
		{DC1C3D24-D0ED-485C-A368-DDAA975E2E66}.Release|Any CPU.ActiveCfg = Release|Any CPU
		{DC1C3D24-D0ED-485C-A368-DDAA975E2E66}.Release|Any CPU.Build.0 = Release|Any CPU
		{B8AD23AD-D541-4931-BE1C-CB7E0CAEC89C}.Debug|Any CPU.ActiveCfg = Debug|Any CPU
		{B8AD23AD-D541-4931-BE1C-CB7E0CAEC89C}.Debug|Any CPU.Build.0 = Debug|Any CPU
		{B8AD23AD-D541-4931-BE1C-CB7E0CAEC89C}.Release|Any CPU.ActiveCfg = Release|Any CPU
		{B8AD23AD-D541-4931-BE1C-CB7E0CAEC89C}.Release|Any CPU.Build.0 = Release|Any CPU
		{9030EC9C-A8C4-49D5-8176-11DDE6305530}.Debug|Any CPU.ActiveCfg = Debug|Any CPU
		{9030EC9C-A8C4-49D5-8176-11DDE6305530}.Debug|Any CPU.Build.0 = Debug|Any CPU
		{9030EC9C-A8C4-49D5-8176-11DDE6305530}.Release|Any CPU.ActiveCfg = Release|Any CPU
		{9030EC9C-A8C4-49D5-8176-11DDE6305530}.Release|Any CPU.Build.0 = Release|Any CPU
		{53ADC0E8-03DC-4434-BB40-9195EF3E69E1}.Debug|Any CPU.ActiveCfg = Debug|Any CPU
		{53ADC0E8-03DC-4434-BB40-9195EF3E69E1}.Debug|Any CPU.Build.0 = Debug|Any CPU
		{53ADC0E8-03DC-4434-BB40-9195EF3E69E1}.Release|Any CPU.ActiveCfg = Release|Any CPU
		{53ADC0E8-03DC-4434-BB40-9195EF3E69E1}.Release|Any CPU.Build.0 = Release|Any CPU
		{ACDB4CCD-F3FF-4640-A81A-5636614F9ACE}.Debug|Any CPU.ActiveCfg = Debug|Any CPU
		{ACDB4CCD-F3FF-4640-A81A-5636614F9ACE}.Debug|Any CPU.Build.0 = Debug|Any CPU
		{ACDB4CCD-F3FF-4640-A81A-5636614F9ACE}.Release|Any CPU.ActiveCfg = Release|Any CPU
		{ACDB4CCD-F3FF-4640-A81A-5636614F9ACE}.Release|Any CPU.Build.0 = Release|Any CPU
		{6E54F1CB-1F43-43B3-8346-9C1550ED2311}.Debug|Any CPU.ActiveCfg = Debug|Any CPU
		{6E54F1CB-1F43-43B3-8346-9C1550ED2311}.Debug|Any CPU.Build.0 = Debug|Any CPU
		{6E54F1CB-1F43-43B3-8346-9C1550ED2311}.Release|Any CPU.ActiveCfg = Release|Any CPU
		{6E54F1CB-1F43-43B3-8346-9C1550ED2311}.Release|Any CPU.Build.0 = Release|Any CPU
		{392F1AA3-D425-41BA-B646-5587B8008C92}.Debug|Any CPU.ActiveCfg = Debug|Any CPU
		{392F1AA3-D425-41BA-B646-5587B8008C92}.Debug|Any CPU.Build.0 = Debug|Any CPU
		{392F1AA3-D425-41BA-B646-5587B8008C92}.Release|Any CPU.ActiveCfg = Release|Any CPU
		{392F1AA3-D425-41BA-B646-5587B8008C92}.Release|Any CPU.Build.0 = Release|Any CPU
		{C55BA10F-752D-4400-ACF5-345D0D0AB363}.Debug|Any CPU.ActiveCfg = Debug|Any CPU
		{C55BA10F-752D-4400-ACF5-345D0D0AB363}.Debug|Any CPU.Build.0 = Debug|Any CPU
		{C55BA10F-752D-4400-ACF5-345D0D0AB363}.Release|Any CPU.ActiveCfg = Release|Any CPU
		{C55BA10F-752D-4400-ACF5-345D0D0AB363}.Release|Any CPU.Build.0 = Release|Any CPU
		{92C2727F-9A8F-4627-ABDC-453B001E132B}.Debug|Any CPU.ActiveCfg = Debug|Any CPU
		{92C2727F-9A8F-4627-ABDC-453B001E132B}.Debug|Any CPU.Build.0 = Debug|Any CPU
		{92C2727F-9A8F-4627-ABDC-453B001E132B}.Release|Any CPU.ActiveCfg = Release|Any CPU
		{92C2727F-9A8F-4627-ABDC-453B001E132B}.Release|Any CPU.Build.0 = Release|Any CPU
		{C776D9C4-D4B2-4B2C-82BE-13130D9DB133}.Debug|Any CPU.ActiveCfg = Debug|Any CPU
		{C776D9C4-D4B2-4B2C-82BE-13130D9DB133}.Debug|Any CPU.Build.0 = Debug|Any CPU
		{C776D9C4-D4B2-4B2C-82BE-13130D9DB133}.Release|Any CPU.ActiveCfg = Release|Any CPU
		{C776D9C4-D4B2-4B2C-82BE-13130D9DB133}.Release|Any CPU.Build.0 = Release|Any CPU
		{6694FDE5-0CA3-458E-A9F6-693339C77C98}.Debug|Any CPU.ActiveCfg = Debug|Any CPU
		{6694FDE5-0CA3-458E-A9F6-693339C77C98}.Debug|Any CPU.Build.0 = Debug|Any CPU
		{6694FDE5-0CA3-458E-A9F6-693339C77C98}.Release|Any CPU.ActiveCfg = Release|Any CPU
		{6694FDE5-0CA3-458E-A9F6-693339C77C98}.Release|Any CPU.Build.0 = Release|Any CPU
		{139E6544-9A28-4B37-B39F-1D1320D496EE}.Debug|Any CPU.ActiveCfg = Debug|Any CPU
		{139E6544-9A28-4B37-B39F-1D1320D496EE}.Debug|Any CPU.Build.0 = Debug|Any CPU
		{139E6544-9A28-4B37-B39F-1D1320D496EE}.Release|Any CPU.ActiveCfg = Release|Any CPU
		{139E6544-9A28-4B37-B39F-1D1320D496EE}.Release|Any CPU.Build.0 = Release|Any CPU
		{E97C73B7-91DC-4234-A571-6342870C8663}.Debug|Any CPU.ActiveCfg = Debug|Any CPU
		{E97C73B7-91DC-4234-A571-6342870C8663}.Debug|Any CPU.Build.0 = Debug|Any CPU
		{E97C73B7-91DC-4234-A571-6342870C8663}.Release|Any CPU.ActiveCfg = Release|Any CPU
		{E97C73B7-91DC-4234-A571-6342870C8663}.Release|Any CPU.Build.0 = Release|Any CPU
	EndGlobalSection
	GlobalSection(SolutionProperties) = preSolution
		HideSolutionNode = FALSE
	EndGlobalSection
	GlobalSection(ExtensibilityGlobals) = postSolution
		SolutionGuid = {C4E14FCC-F894-4826-AA4C-F1A8E86055CC}
	EndGlobalSection
EndGlobal
