
Microsoft Visual Studio Solution File, Format Version 12.00
# Visual Studio Version 16
VisualStudioVersion = 16.0.29613.14
MinimumVisualStudioVersion = 10.0.40219.1
Project("{9A19103F-16F7-4668-BE54-9A1E7A4F7556}") = "Exercise01", "Exercise01\Exercise01.csproj", "{020D517F-3782-4A11-A9FB-B49EFE11893E}"
EndProject
Project("{9A19103F-16F7-4668-BE54-9A1E7A4F7556}") = "Exercise02", "Exercise02\Exercise02.csproj", "{D3F6264C-F93B-4100-A689-CDA07918C966}"
EndProject
Project("{9A19103F-16F7-4668-BE54-9A1E7A4F7556}") = "Exercise03", "Exercise03\Exercise03.csproj", "{F6DF8B6E-CFFF-4B2B-9E70-8C5329FD47FA}"
EndProject
Project("{9A19103F-16F7-4668-BE54-9A1E7A4F7556}") = "Exercise04", "Exercise04\Exercise04.csproj", "{A7474C11-11EE-4019-B4C2-9B4BD7AB5CDE}"
EndProject
Project("{9A19103F-16F7-4668-BE54-9A1E7A4F7556}") = "Exercise05", "Exercise05\Exercise05.csproj", "{2CD5EE13-BA8B-43F9-BB78-E46C8CDA7EC9}"
EndProject
Project("{9A19103F-16F7-4668-BE54-9A1E7A4F7556}") = "Exercise06", "Exercise06\Exercise06.csproj", "{038133C2-5471-4291-9858-59014A04429E}"
EndProject
Project("{9A19103F-16F7-4668-BE54-9A1E7A4F7556}") = "Exercise07", "Exercise07\Exercise07.csproj", "{D67E5548-F9DB-4573-B678-73EC00856C4D}"
EndProject
Project("{9A19103F-16F7-4668-BE54-9A1E7A4F7556}") = "Exercise08", "Exercise08\Exercise08.csproj", "{7EE5FE00-996C-4515-844E-1ECDA20BD0DD}"
EndProject
Project("{9A19103F-16F7-4668-BE54-9A1E7A4F7556}") = "Exercise09", "Exercise09\Exercise09.csproj", "{D10365AB-3B00-4A56-A815-A29BD28801C5}"
EndProject
Project("{9A19103F-16F7-4668-BE54-9A1E7A4F7556}") = "Exercise10", "Exercise10\Exercise10.csproj", "{89C363ED-C47F-4D15-86BB-F40131F44A77}"
EndProject
Project("{9A19103F-16F7-4668-BE54-9A1E7A4F7556}") = "Exercise11", "Exercise11\Exercise11.csproj", "{4AFC8FBC-DE87-4264-9754-4615561B14C8}"
EndProject
Project("{9A19103F-16F7-4668-BE54-9A1E7A4F7556}") = "Exercise12", "Exercise12\Exercise12.csproj", "{C96FE37B-D11D-4025-99D8-7ED4F14B8B59}"
EndProject
Project("{9A19103F-16F7-4668-BE54-9A1E7A4F7556}") = "Exercise13", "Exercise13\Exercise13.csproj", "{897D4D90-F500-42CB-B6F1-3C89025D4B7F}"
EndProject
Project("{9A19103F-16F7-4668-BE54-9A1E7A4F7556}") = "Exercise14", "Exercise14\Exercise14.csproj", "{97C5CA0B-13EB-4E25-AA1D-9CB3BADAB838}"
EndProject
Project("{9A19103F-16F7-4668-BE54-9A1E7A4F7556}") = "Exercise15", "Exercise15\Exercise15.csproj", "{3C42BB08-0247-421D-98A3-30B5313AF4D2}"
EndProject
Project("{9A19103F-16F7-4668-BE54-9A1E7A4F7556}") = "Exercise16", "Exercise16\Exercise16.csproj", "{25649070-BE49-400E-8A46-DE83167C1149}"
EndProject
Project("{FAE04EC0-301F-11D3-BF4B-00C04F79EFBC}") = "Exercise17", "Exercise17\Exercise17.csproj", "{4D684BEB-795C-480A-AC5D-D90EEAC8CC87}"
EndProject
Project("{FAE04EC0-301F-11D3-BF4B-00C04F79EFBC}") = "Exercise18", "Exercise18\Exercise18.csproj", "{C5D0947D-B335-4F2B-958C-D1A4CF5C8C83}"
EndProject
Global
	GlobalSection(SolutionConfigurationPlatforms) = preSolution
		Debug|Any CPU = Debug|Any CPU
		Release|Any CPU = Release|Any CPU
	EndGlobalSection
	GlobalSection(ProjectConfigurationPlatforms) = postSolution
		{020D517F-3782-4A11-A9FB-B49EFE11893E}.Debug|Any CPU.ActiveCfg = Debug|Any CPU
		{020D517F-3782-4A11-A9FB-B49EFE11893E}.Debug|Any CPU.Build.0 = Debug|Any CPU
		{020D517F-3782-4A11-A9FB-B49EFE11893E}.Release|Any CPU.ActiveCfg = Release|Any CPU
		{020D517F-3782-4A11-A9FB-B49EFE11893E}.Release|Any CPU.Build.0 = Release|Any CPU
		{D3F6264C-F93B-4100-A689-CDA07918C966}.Debug|Any CPU.ActiveCfg = Debug|Any CPU
		{D3F6264C-F93B-4100-A689-CDA07918C966}.Debug|Any CPU.Build.0 = Debug|Any CPU
		{D3F6264C-F93B-4100-A689-CDA07918C966}.Release|Any CPU.ActiveCfg = Release|Any CPU
		{D3F6264C-F93B-4100-A689-CDA07918C966}.Release|Any CPU.Build.0 = Release|Any CPU
		{F6DF8B6E-CFFF-4B2B-9E70-8C5329FD47FA}.Debug|Any CPU.ActiveCfg = Debug|Any CPU
		{F6DF8B6E-CFFF-4B2B-9E70-8C5329FD47FA}.Debug|Any CPU.Build.0 = Debug|Any CPU
		{F6DF8B6E-CFFF-4B2B-9E70-8C5329FD47FA}.Release|Any CPU.ActiveCfg = Release|Any CPU
		{F6DF8B6E-CFFF-4B2B-9E70-8C5329FD47FA}.Release|Any CPU.Build.0 = Release|Any CPU
		{A7474C11-11EE-4019-B4C2-9B4BD7AB5CDE}.Debug|Any CPU.ActiveCfg = Debug|Any CPU
		{A7474C11-11EE-4019-B4C2-9B4BD7AB5CDE}.Debug|Any CPU.Build.0 = Debug|Any CPU
		{A7474C11-11EE-4019-B4C2-9B4BD7AB5CDE}.Release|Any CPU.ActiveCfg = Release|Any CPU
		{A7474C11-11EE-4019-B4C2-9B4BD7AB5CDE}.Release|Any CPU.Build.0 = Release|Any CPU
		{2CD5EE13-BA8B-43F9-BB78-E46C8CDA7EC9}.Debug|Any CPU.ActiveCfg = Debug|Any CPU
		{2CD5EE13-BA8B-43F9-BB78-E46C8CDA7EC9}.Debug|Any CPU.Build.0 = Debug|Any CPU
		{2CD5EE13-BA8B-43F9-BB78-E46C8CDA7EC9}.Release|Any CPU.ActiveCfg = Release|Any CPU
		{2CD5EE13-BA8B-43F9-BB78-E46C8CDA7EC9}.Release|Any CPU.Build.0 = Release|Any CPU
		{038133C2-5471-4291-9858-59014A04429E}.Debug|Any CPU.ActiveCfg = Debug|Any CPU
		{038133C2-5471-4291-9858-59014A04429E}.Debug|Any CPU.Build.0 = Debug|Any CPU
		{038133C2-5471-4291-9858-59014A04429E}.Release|Any CPU.ActiveCfg = Release|Any CPU
		{038133C2-5471-4291-9858-59014A04429E}.Release|Any CPU.Build.0 = Release|Any CPU
		{D67E5548-F9DB-4573-B678-73EC00856C4D}.Debug|Any CPU.ActiveCfg = Debug|Any CPU
		{D67E5548-F9DB-4573-B678-73EC00856C4D}.Debug|Any CPU.Build.0 = Debug|Any CPU
		{D67E5548-F9DB-4573-B678-73EC00856C4D}.Release|Any CPU.ActiveCfg = Release|Any CPU
		{D67E5548-F9DB-4573-B678-73EC00856C4D}.Release|Any CPU.Build.0 = Release|Any CPU
		{7EE5FE00-996C-4515-844E-1ECDA20BD0DD}.Debug|Any CPU.ActiveCfg = Debug|Any CPU
		{7EE5FE00-996C-4515-844E-1ECDA20BD0DD}.Debug|Any CPU.Build.0 = Debug|Any CPU
		{7EE5FE00-996C-4515-844E-1ECDA20BD0DD}.Release|Any CPU.ActiveCfg = Release|Any CPU
		{7EE5FE00-996C-4515-844E-1ECDA20BD0DD}.Release|Any CPU.Build.0 = Release|Any CPU
		{D10365AB-3B00-4A56-A815-A29BD28801C5}.Debug|Any CPU.ActiveCfg = Debug|Any CPU
		{D10365AB-3B00-4A56-A815-A29BD28801C5}.Debug|Any CPU.Build.0 = Debug|Any CPU
		{D10365AB-3B00-4A56-A815-A29BD28801C5}.Release|Any CPU.ActiveCfg = Release|Any CPU
		{D10365AB-3B00-4A56-A815-A29BD28801C5}.Release|Any CPU.Build.0 = Release|Any CPU
		{89C363ED-C47F-4D15-86BB-F40131F44A77}.Debug|Any CPU.ActiveCfg = Debug|Any CPU
		{89C363ED-C47F-4D15-86BB-F40131F44A77}.Debug|Any CPU.Build.0 = Debug|Any CPU
		{89C363ED-C47F-4D15-86BB-F40131F44A77}.Release|Any CPU.ActiveCfg = Release|Any CPU
		{89C363ED-C47F-4D15-86BB-F40131F44A77}.Release|Any CPU.Build.0 = Release|Any CPU
		{4AFC8FBC-DE87-4264-9754-4615561B14C8}.Debug|Any CPU.ActiveCfg = Debug|Any CPU
		{4AFC8FBC-DE87-4264-9754-4615561B14C8}.Debug|Any CPU.Build.0 = Debug|Any CPU
		{4AFC8FBC-DE87-4264-9754-4615561B14C8}.Release|Any CPU.ActiveCfg = Release|Any CPU
		{4AFC8FBC-DE87-4264-9754-4615561B14C8}.Release|Any CPU.Build.0 = Release|Any CPU
		{C96FE37B-D11D-4025-99D8-7ED4F14B8B59}.Debug|Any CPU.ActiveCfg = Debug|Any CPU
		{C96FE37B-D11D-4025-99D8-7ED4F14B8B59}.Debug|Any CPU.Build.0 = Debug|Any CPU
		{C96FE37B-D11D-4025-99D8-7ED4F14B8B59}.Release|Any CPU.ActiveCfg = Release|Any CPU
		{C96FE37B-D11D-4025-99D8-7ED4F14B8B59}.Release|Any CPU.Build.0 = Release|Any CPU
		{897D4D90-F500-42CB-B6F1-3C89025D4B7F}.Debug|Any CPU.ActiveCfg = Debug|Any CPU
		{897D4D90-F500-42CB-B6F1-3C89025D4B7F}.Debug|Any CPU.Build.0 = Debug|Any CPU
		{897D4D90-F500-42CB-B6F1-3C89025D4B7F}.Release|Any CPU.ActiveCfg = Release|Any CPU
		{897D4D90-F500-42CB-B6F1-3C89025D4B7F}.Release|Any CPU.Build.0 = Release|Any CPU
		{97C5CA0B-13EB-4E25-AA1D-9CB3BADAB838}.Debug|Any CPU.ActiveCfg = Debug|Any CPU
		{97C5CA0B-13EB-4E25-AA1D-9CB3BADAB838}.Debug|Any CPU.Build.0 = Debug|Any CPU
		{97C5CA0B-13EB-4E25-AA1D-9CB3BADAB838}.Release|Any CPU.ActiveCfg = Release|Any CPU
		{97C5CA0B-13EB-4E25-AA1D-9CB3BADAB838}.Release|Any CPU.Build.0 = Release|Any CPU
		{3C42BB08-0247-421D-98A3-30B5313AF4D2}.Debug|Any CPU.ActiveCfg = Debug|Any CPU
		{3C42BB08-0247-421D-98A3-30B5313AF4D2}.Debug|Any CPU.Build.0 = Debug|Any CPU
		{3C42BB08-0247-421D-98A3-30B5313AF4D2}.Release|Any CPU.ActiveCfg = Release|Any CPU
		{3C42BB08-0247-421D-98A3-30B5313AF4D2}.Release|Any CPU.Build.0 = Release|Any CPU
		{25649070-BE49-400E-8A46-DE83167C1149}.Debug|Any CPU.ActiveCfg = Debug|Any CPU
		{25649070-BE49-400E-8A46-DE83167C1149}.Debug|Any CPU.Build.0 = Debug|Any CPU
		{25649070-BE49-400E-8A46-DE83167C1149}.Release|Any CPU.ActiveCfg = Release|Any CPU
		{25649070-BE49-400E-8A46-DE83167C1149}.Release|Any CPU.Build.0 = Release|Any CPU
		{4D684BEB-795C-480A-AC5D-D90EEAC8CC87}.Debug|Any CPU.ActiveCfg = Debug|Any CPU
		{4D684BEB-795C-480A-AC5D-D90EEAC8CC87}.Debug|Any CPU.Build.0 = Debug|Any CPU
		{4D684BEB-795C-480A-AC5D-D90EEAC8CC87}.Release|Any CPU.ActiveCfg = Release|Any CPU
		{4D684BEB-795C-480A-AC5D-D90EEAC8CC87}.Release|Any CPU.Build.0 = Release|Any CPU
		{C5D0947D-B335-4F2B-958C-D1A4CF5C8C83}.Debug|Any CPU.ActiveCfg = Debug|Any CPU
		{C5D0947D-B335-4F2B-958C-D1A4CF5C8C83}.Debug|Any CPU.Build.0 = Debug|Any CPU
		{C5D0947D-B335-4F2B-958C-D1A4CF5C8C83}.Release|Any CPU.ActiveCfg = Release|Any CPU
		{C5D0947D-B335-4F2B-958C-D1A4CF5C8C83}.Release|Any CPU.Build.0 = Release|Any CPU
	EndGlobalSection
	GlobalSection(SolutionProperties) = preSolution
		HideSolutionNode = FALSE
	EndGlobalSection
	GlobalSection(ExtensibilityGlobals) = postSolution
		SolutionGuid = {C4E14FCC-F894-4826-AA4C-F1A8E86055CC}
	EndGlobalSection
EndGlobal
